// !$*UTF8*$!
{
	archiveVersion = 1;
	classes = {
	};
	objectVersion = 52;
	objects = {

/* Begin PBXBuildFile section */
		E613193E252ED9E900F4B810 /* ShareSheet.swift in Sources */ = {isa = PBXBuildFile; fileRef = E613193D252ED9E900F4B810 /* ShareSheet.swift */; };
		E613683D25245154009FF314 /* RoundButton.swift in Sources */ = {isa = PBXBuildFile; fileRef = E613683C25245154009FF314 /* RoundButton.swift */; };
		E613684425245160009FF314 /* RoundButton.swift in Sources */ = {isa = PBXBuildFile; fileRef = E613683C25245154009FF314 /* RoundButton.swift */; };
		E613684C25245185009FF314 /* SquishableButtonStyle.swift in Sources */ = {isa = PBXBuildFile; fileRef = E613684B25245185009FF314 /* SquishableButtonStyle.swift */; };
		E613685325245193009FF314 /* SquishableButtonStyle.swift in Sources */ = {isa = PBXBuildFile; fileRef = E613684B25245185009FF314 /* SquishableButtonStyle.swift */; };
		E613685A2524519E009FF314 /* Blur.swift in Sources */ = {isa = PBXBuildFile; fileRef = E658E8BC2510FEEA007E9AFD /* Blur.swift */; };
		E616171025230EF800D58D19 /* UnsplashPhotoPicker in Frameworks */ = {isa = PBXBuildFile; productRef = E616170F25230EF800D58D19 /* UnsplashPhotoPicker */; };
		E616173B2523FFD800D58D19 /* CardsListView.swift in Sources */ = {isa = PBXBuildFile; fileRef = E61617342523FFAF00D58D19 /* CardsListView.swift */; };
		E6226793251B210700C726C4 /* Persistence.swift in Sources */ = {isa = PBXBuildFile; fileRef = E6E314132504DF87005C8B61 /* Persistence.swift */; };
		E6226794251B231A00C726C4 /* Persistence.swift in Sources */ = {isa = PBXBuildFile; fileRef = E6E314132504DF87005C8B61 /* Persistence.swift */; };
		E6226795251B235400C726C4 /* CountdownObject.swift in Sources */ = {isa = PBXBuildFile; fileRef = E6CAB066251727DC003848F9 /* CountdownObject.swift */; };
		E6226798251B26E000C726C4 /* CountdownsManager.swift in Sources */ = {isa = PBXBuildFile; fileRef = E6226797251B26E000C726C4 /* CountdownsManager.swift */; };
		E6226799251B464F00C726C4 /* CountdownsManager.swift in Sources */ = {isa = PBXBuildFile; fileRef = E6226797251B26E000C726C4 /* CountdownsManager.swift */; };
		E622679A251B465000C726C4 /* CountdownsManager.swift in Sources */ = {isa = PBXBuildFile; fileRef = E6226797251B26E000C726C4 /* CountdownsManager.swift */; };
		E622679C251B4ACC00C726C4 /* RemindersManager.swift in Sources */ = {isa = PBXBuildFile; fileRef = E622679B251B4ACC00C726C4 /* RemindersManager.swift */; };
		E63542F72522ED59008E6D8E /* CountdownContainer.swift in Sources */ = {isa = PBXBuildFile; fileRef = E63542F62522ED59008E6D8E /* CountdownContainer.swift */; };
		E63542FE2522ED6A008E6D8E /* CountdownContainer.swift in Sources */ = {isa = PBXBuildFile; fileRef = E63542F62522ED59008E6D8E /* CountdownContainer.swift */; };
		E635430E252301CC008E6D8E /* EmptyListView.swift in Sources */ = {isa = PBXBuildFile; fileRef = E635430D252301CC008E6D8E /* EmptyListView.swift */; };
		E6488A4E252866A400BD59FC /* CountdownSelection.swift in Sources */ = {isa = PBXBuildFile; fileRef = E6488A4D252866A400BD59FC /* CountdownSelection.swift */; };
		E6488A56252866FD00BD59FC /* CreateCountdownButton.swift in Sources */ = {isa = PBXBuildFile; fileRef = E6488A55252866FD00BD59FC /* CreateCountdownButton.swift */; };
		E6517B782517643800F2DD13 /* IntentHandler.swift in Sources */ = {isa = PBXBuildFile; fileRef = E6517B772517643800F2DD13 /* IntentHandler.swift */; };
		E6517B7F2517643800F2DD13 /* IntentsUI.framework in Frameworks */ = {isa = PBXBuildFile; fileRef = E680AD7D25175EF3001B5333 /* IntentsUI.framework */; };
		E6517B822517643800F2DD13 /* IntentViewController.swift in Sources */ = {isa = PBXBuildFile; fileRef = E6517B812517643800F2DD13 /* IntentViewController.swift */; };
		E6517B852517643800F2DD13 /* MainInterface.storyboard in Resources */ = {isa = PBXBuildFile; fileRef = E6517B832517643800F2DD13 /* MainInterface.storyboard */; };
		E6517B892517643800F2DD13 /* CountdownSelectionUI.appex in Embed App Extensions */ = {isa = PBXBuildFile; fileRef = E6517B7E2517643800F2DD13 /* CountdownSelectionUI.appex */; settings = {ATTRIBUTES = (RemoveHeadersOnCopy, ); }; };
		E6517B8C2517643800F2DD13 /* CountdownSelection.appex in Embed App Extensions */ = {isa = PBXBuildFile; fileRef = E6517B752517643800F2DD13 /* CountdownSelection.appex */; settings = {ATTRIBUTES = (RemoveHeadersOnCopy, ); }; };
		E6517B962517668400F2DD13 /* Countdown.xcdatamodeld in Sources */ = {isa = PBXBuildFile; fileRef = E6E314152504DF87005C8B61 /* Countdown.xcdatamodeld */; };
		E6517B982517669A00F2DD13 /* Countdown.swift in Sources */ = {isa = PBXBuildFile; fileRef = E6E314462504E0A2005C8B61 /* Countdown.swift */; };
		E6517B9A251766A400F2DD13 /* Date.swift in Sources */ = {isa = PBXBuildFile; fileRef = E6E3143F2504E0A2005C8B61 /* Date.swift */; };
		E6517B9B251766AD00F2DD13 /* DateComponent.swift in Sources */ = {isa = PBXBuildFile; fileRef = E6E314472504E0A2005C8B61 /* DateComponent.swift */; };
		E6517B9C251766B700F2DD13 /* CountdownCalculator.swift in Sources */ = {isa = PBXBuildFile; fileRef = E6E314442504E0A2005C8B61 /* CountdownCalculator.swift */; };
		E6517B9D251766C000F2DD13 /* UNUserNotificationCenter.swift in Sources */ = {isa = PBXBuildFile; fileRef = E658E8C625110753007E9AFD /* UNUserNotificationCenter.swift */; };
		E6517BA1251772AC00F2DD13 /* CloudKit.framework in Frameworks */ = {isa = PBXBuildFile; fileRef = E6E3143C2504E007005C8B61 /* CloudKit.framework */; };
		E658E8AC251057D1007E9AFD /* CardFrontView.swift in Sources */ = {isa = PBXBuildFile; fileRef = E658E8AB251057D1007E9AFD /* CardFrontView.swift */; };
		E658E8AE25105E93007E9AFD /* FlipView.swift in Sources */ = {isa = PBXBuildFile; fileRef = E658E8AD25105E93007E9AFD /* FlipView.swift */; };
		E658E8B02510E86B007E9AFD /* Color.swift in Sources */ = {isa = PBXBuildFile; fileRef = E658E8AF2510E86B007E9AFD /* Color.swift */; };
		E658E8B42510FB28007E9AFD /* CardBackground.swift in Sources */ = {isa = PBXBuildFile; fileRef = E658E8B32510FB28007E9AFD /* CardBackground.swift */; };
		E658E8B62510FD7C007E9AFD /* CardView.swift in Sources */ = {isa = PBXBuildFile; fileRef = E658E8B52510FD7C007E9AFD /* CardView.swift */; };
		E658E8B82510FE0B007E9AFD /* CardBackView.swift in Sources */ = {isa = PBXBuildFile; fileRef = E658E8B72510FE0B007E9AFD /* CardBackView.swift */; };
		E658E8BA2510FE80007E9AFD /* CardBackViewModel.swift in Sources */ = {isa = PBXBuildFile; fileRef = E658E8B92510FE80007E9AFD /* CardBackViewModel.swift */; };
		E658E8BD2510FEEA007E9AFD /* Blur.swift in Sources */ = {isa = PBXBuildFile; fileRef = E658E8BC2510FEEA007E9AFD /* Blur.swift */; };
		E658E8BF2510FF70007E9AFD /* TitleView.swift in Sources */ = {isa = PBXBuildFile; fileRef = E658E8BE2510FF70007E9AFD /* TitleView.swift */; };
		E658E8C725110753007E9AFD /* UNUserNotificationCenter.swift in Sources */ = {isa = PBXBuildFile; fileRef = E658E8C625110753007E9AFD /* UNUserNotificationCenter.swift */; };
		E65CFC372526F64A00C97ED4 /* StoreKit.framework in Frameworks */ = {isa = PBXBuildFile; fileRef = E65CFC362526F64A00C97ED4 /* StoreKit.framework */; };
		E65CFC3A2526F91B00C97ED4 /* PurchaseManager.swift in Sources */ = {isa = PBXBuildFile; fileRef = E65CFC392526F91B00C97ED4 /* PurchaseManager.swift */; };
		E65CFC492527045300C97ED4 /* GetPremiumView.swift in Sources */ = {isa = PBXBuildFile; fileRef = E65CFC482527045300C97ED4 /* GetPremiumView.swift */; };
		E65CFC5125270C6F00C97ED4 /* UIImage.swift in Sources */ = {isa = PBXBuildFile; fileRef = E65CFC5025270C6F00C97ED4 /* UIImage.swift */; };
		E65CFC5825270E8E00C97ED4 /* UIImage.swift in Sources */ = {isa = PBXBuildFile; fileRef = E65CFC5025270C6F00C97ED4 /* UIImage.swift */; };
		E65E210625280A1C0078CF33 /* PeriodView.swift in Sources */ = {isa = PBXBuildFile; fileRef = E65E210525280A1C0078CF33 /* PeriodView.swift */; };
		E6614F77252AEC930078A5ED /* PhotoPickerViewController.swift in Sources */ = {isa = PBXBuildFile; fileRef = E6614F76252AEC930078A5ED /* PhotoPickerViewController.swift */; };
		E6614F90252B12570078A5ED /* PurchaseManager.swift in Sources */ = {isa = PBXBuildFile; fileRef = E65CFC392526F91B00C97ED4 /* PurchaseManager.swift */; };
		E66169A02511195400E5C15C /* UnsplashPhotoPicker in Frameworks */ = {isa = PBXBuildFile; productRef = E661699F2511195400E5C15C /* UnsplashPhotoPicker */; };
		E66169A2251119AF00E5C15C /* PhotoPicker.swift in Sources */ = {isa = PBXBuildFile; fileRef = E66169A1251119AF00E5C15C /* PhotoPicker.swift */; };
		E66169A4251122B200E5C15C /* ImageView.swift in Sources */ = {isa = PBXBuildFile; fileRef = E66169A3251122B200E5C15C /* ImageView.swift */; };
		E66F1622252C3D3400B552A8 /* UIImage.swift in Sources */ = {isa = PBXBuildFile; fileRef = E65CFC5025270C6F00C97ED4 /* UIImage.swift */; };
		E66F1636252C50D400B552A8 /* ShareViewController.swift in Sources */ = {isa = PBXBuildFile; fileRef = E66F1635252C50D400B552A8 /* ShareViewController.swift */; };
		E672EAF9251DD02100724B2B /* DankMono-Regular.otf in Resources */ = {isa = PBXBuildFile; fileRef = E672EAF8251DCFFF00724B2B /* DankMono-Regular.otf */; };
		E672EAFB251DD07D00724B2B /* Font.swift in Sources */ = {isa = PBXBuildFile; fileRef = E672EAFA251DD07D00724B2B /* Font.swift */; };
		E672EAFC251DD1A000724B2B /* Font.swift in Sources */ = {isa = PBXBuildFile; fileRef = E672EAFA251DD07D00724B2B /* Font.swift */; };
		E672EAFD251DD4E700724B2B /* DankMono-Regular.otf in Resources */ = {isa = PBXBuildFile; fileRef = E672EAF8251DCFFF00724B2B /* DankMono-Regular.otf */; };
		E672EB02251DE16800724B2B /* Localizable.stringsdict in Resources */ = {isa = PBXBuildFile; fileRef = E672EB00251DE16800724B2B /* Localizable.stringsdict */; };
		E672EB03251DE16800724B2B /* Localizable.strings in Resources */ = {isa = PBXBuildFile; fileRef = E672EB01251DE16800724B2B /* Localizable.strings */; };
		E672EB04251DE19A00724B2B /* Localizable.strings in Resources */ = {isa = PBXBuildFile; fileRef = E672EB01251DE16800724B2B /* Localizable.strings */; };
		E672EB05251DE19C00724B2B /* Localizable.stringsdict in Resources */ = {isa = PBXBuildFile; fileRef = E672EB00251DE16800724B2B /* Localizable.stringsdict */; };
		E6766A8D252898EE00CAEF6E /* LoadingSpinner.swift in Sources */ = {isa = PBXBuildFile; fileRef = E6766A8C252898EE00CAEF6E /* LoadingSpinner.swift */; };
		E6766A9A2529C90D00CAEF6E /* PurchaseManager.swift in Sources */ = {isa = PBXBuildFile; fileRef = E65CFC392526F91B00C97ED4 /* PurchaseManager.swift */; };
		E67AB3B4251C58D200D94B87 /* EnvironmentValues+CountdownsManagerKey.swift in Sources */ = {isa = PBXBuildFile; fileRef = E67AB3B3251C58D200D94B87 /* EnvironmentValues+CountdownsManagerKey.swift */; };
		E67AB3B5251C590E00D94B87 /* EnvironmentValues+CountdownsManagerKey.swift in Sources */ = {isa = PBXBuildFile; fileRef = E67AB3B3251C58D200D94B87 /* EnvironmentValues+CountdownsManagerKey.swift */; };
		E67AB3B6251C591100D94B87 /* EnvironmentValues+CountdownsManagerKey.swift in Sources */ = {isa = PBXBuildFile; fileRef = E67AB3B3251C58D200D94B87 /* EnvironmentValues+CountdownsManagerKey.swift */; };
		E67AB3B7251C5D1200D94B87 /* ImageCache.swift in Sources */ = {isa = PBXBuildFile; fileRef = E6CAB06325172720003848F9 /* ImageCache.swift */; };
		E67AB3B8251C5DD200D94B87 /* ImageLoader.swift in Sources */ = {isa = PBXBuildFile; fileRef = E6CAB07125172F51003848F9 /* ImageLoader.swift */; };
		E67C53692518317100402D27 /* CountdownObject.swift in Sources */ = {isa = PBXBuildFile; fileRef = E6CAB066251727DC003848F9 /* CountdownObject.swift */; };
		E67C536A2518317100402D27 /* Countdown.swift in Sources */ = {isa = PBXBuildFile; fileRef = E6E314462504E0A2005C8B61 /* Countdown.swift */; };
		E67C536B2518317B00402D27 /* Countdown.xcdatamodeld in Sources */ = {isa = PBXBuildFile; fileRef = E6E314152504DF87005C8B61 /* Countdown.xcdatamodeld */; };
		E67C536C2518318300402D27 /* DateComponent.swift in Sources */ = {isa = PBXBuildFile; fileRef = E6E314472504E0A2005C8B61 /* DateComponent.swift */; };
		E67C536D2518318600402D27 /* CountdownCalculator.swift in Sources */ = {isa = PBXBuildFile; fileRef = E6E314442504E0A2005C8B61 /* CountdownCalculator.swift */; };
		E67C536F2518319B00402D27 /* Color.swift in Sources */ = {isa = PBXBuildFile; fileRef = E658E8AF2510E86B007E9AFD /* Color.swift */; };
		E67C53702518319B00402D27 /* Date.swift in Sources */ = {isa = PBXBuildFile; fileRef = E6E3143F2504E0A2005C8B61 /* Date.swift */; };
		E67C53712518319B00402D27 /* UNUserNotificationCenter.swift in Sources */ = {isa = PBXBuildFile; fileRef = E658E8C625110753007E9AFD /* UNUserNotificationCenter.swift */; };
		E67C5376251839AD00402D27 /* ComponentView.swift in Sources */ = {isa = PBXBuildFile; fileRef = E6E314492504E0A2005C8B61 /* ComponentView.swift */; };
		E67C537A2518752100402D27 /* WidgetCountdowntLarge.swift in Sources */ = {isa = PBXBuildFile; fileRef = E67C5378251873D600402D27 /* WidgetCountdowntLarge.swift */; };
		E67C537C25187A7500402D27 /* WidgetCountdownMedium.swift in Sources */ = {isa = PBXBuildFile; fileRef = E67C537B25187A7500402D27 /* WidgetCountdownMedium.swift */; };
		E67C537E251885AA00402D27 /* WidgetCountdownSmall.swift in Sources */ = {isa = PBXBuildFile; fileRef = E67C537D251885AA00402D27 /* WidgetCountdownSmall.swift */; };
		E67C5380251887C100402D27 /* WidgetCountdownProvider.swift in Sources */ = {isa = PBXBuildFile; fileRef = E67C537F251887C100402D27 /* WidgetCountdownProvider.swift */; };
		E67C53822518880500402D27 /* CountdonWidget.swift in Sources */ = {isa = PBXBuildFile; fileRef = E67C53812518880500402D27 /* CountdonWidget.swift */; };
		E67C5384251889F500402D27 /* WidgetEmptyStateProvider.swift in Sources */ = {isa = PBXBuildFile; fileRef = E67C5383251889F500402D27 /* WidgetEmptyStateProvider.swift */; };
		E67C538625188A1E00402D27 /* WidgetEmptyStateSmall.swift in Sources */ = {isa = PBXBuildFile; fileRef = E67C538525188A1E00402D27 /* WidgetEmptyStateSmall.swift */; };
		E67C538825188A3B00402D27 /* WidgetEmptyStateMedium.swift in Sources */ = {isa = PBXBuildFile; fileRef = E67C538725188A3B00402D27 /* WidgetEmptyStateMedium.swift */; };
		E67C538A25188A4100402D27 /* WidgetEmptyStateLarge.swift in Sources */ = {isa = PBXBuildFile; fileRef = E67C538925188A4100402D27 /* WidgetEmptyStateLarge.swift */; };
		E67F4F36252D3D51001466D2 /* SettingsView.swift in Sources */ = {isa = PBXBuildFile; fileRef = E67F4F35252D3D51001466D2 /* SettingsView.swift */; };
		E680AD5C25175C4D001B5333 /* WidgetKit.framework in Frameworks */ = {isa = PBXBuildFile; fileRef = E680AD5B25175C4D001B5333 /* WidgetKit.framework */; };
		E680AD5E25175C4D001B5333 /* SwiftUI.framework in Frameworks */ = {isa = PBXBuildFile; fileRef = E680AD5D25175C4D001B5333 /* SwiftUI.framework */; };
		E680AD6125175C4D001B5333 /* CountdownStatus.swift in Sources */ = {isa = PBXBuildFile; fileRef = E680AD6025175C4D001B5333 /* CountdownStatus.swift */; };
		E680AD6425175C4E001B5333 /* Assets.xcassets in Resources */ = {isa = PBXBuildFile; fileRef = E680AD6325175C4E001B5333 /* Assets.xcassets */; };
		E680AD6A25175C4E001B5333 /* CountdownStatusExtension.appex in Embed App Extensions */ = {isa = PBXBuildFile; fileRef = E680AD5A25175C4D001B5333 /* CountdownStatusExtension.appex */; settings = {ATTRIBUTES = (RemoveHeadersOnCopy, ); }; };
		E6874A552521CA3500B05377 /* CountdownStatus.intentdefinition in Sources */ = {isa = PBXBuildFile; fileRef = E6874A592521CA3500B05377 /* CountdownStatus.intentdefinition */; };
		E6874A562521CA3500B05377 /* CountdownStatus.intentdefinition in Sources */ = {isa = PBXBuildFile; fileRef = E6874A592521CA3500B05377 /* CountdownStatus.intentdefinition */; };
		E6874A572521CA3500B05377 /* CountdownStatus.intentdefinition in Sources */ = {isa = PBXBuildFile; fileRef = E6874A592521CA3500B05377 /* CountdownStatus.intentdefinition */; };
		E68A7BE52522B2C300D62B74 /* CardBackground.swift in Sources */ = {isa = PBXBuildFile; fileRef = E658E8B32510FB28007E9AFD /* CardBackground.swift */; };
		E68A7BFA2522B2DB00D62B74 /* CountdownView.swift in Sources */ = {isa = PBXBuildFile; fileRef = E6E3144A2504E0A2005C8B61 /* CountdownView.swift */; };
		E6CAB06425172720003848F9 /* ImageCache.swift in Sources */ = {isa = PBXBuildFile; fileRef = E6CAB06325172720003848F9 /* ImageCache.swift */; };
		E6CAB067251727DC003848F9 /* CountdownObject.swift in Sources */ = {isa = PBXBuildFile; fileRef = E6CAB066251727DC003848F9 /* CountdownObject.swift */; };
		E6CAB07225172F51003848F9 /* ImageLoader.swift in Sources */ = {isa = PBXBuildFile; fileRef = E6CAB07125172F51003848F9 /* ImageLoader.swift */; };
		E6DA81702526EC9A00194EC6 /* Animation.swift in Sources */ = {isa = PBXBuildFile; fileRef = E6DA816F2526EC9A00194EC6 /* Animation.swift */; };
		E6E3140B2504DF87005C8B61 /* CountdownApp.swift in Sources */ = {isa = PBXBuildFile; fileRef = E6E3140A2504DF87005C8B61 /* CountdownApp.swift */; };
		E6E3140F2504DF87005C8B61 /* Assets.xcassets in Resources */ = {isa = PBXBuildFile; fileRef = E6E3140E2504DF87005C8B61 /* Assets.xcassets */; };
		E6E314122504DF87005C8B61 /* Preview Assets.xcassets in Resources */ = {isa = PBXBuildFile; fileRef = E6E314112504DF87005C8B61 /* Preview Assets.xcassets */; };
		E6E314142504DF87005C8B61 /* Persistence.swift in Sources */ = {isa = PBXBuildFile; fileRef = E6E314132504DF87005C8B61 /* Persistence.swift */; };
		E6E314172504DF87005C8B61 /* Countdown.xcdatamodeld in Sources */ = {isa = PBXBuildFile; fileRef = E6E314152504DF87005C8B61 /* Countdown.xcdatamodeld */; };
		E6E314222504DF87005C8B61 /* CountdownTests.swift in Sources */ = {isa = PBXBuildFile; fileRef = E6E314212504DF87005C8B61 /* CountdownTests.swift */; };
		E6E3142D2504DF87005C8B61 /* CountdownUITests.swift in Sources */ = {isa = PBXBuildFile; fileRef = E6E3142C2504DF87005C8B61 /* CountdownUITests.swift */; };
		E6E3143D2504E007005C8B61 /* CloudKit.framework in Frameworks */ = {isa = PBXBuildFile; fileRef = E6E3143C2504E007005C8B61 /* CloudKit.framework */; };
		E6E3144C2504E0A2005C8B61 /* Date.swift in Sources */ = {isa = PBXBuildFile; fileRef = E6E3143F2504E0A2005C8B61 /* Date.swift */; };
		E6E314502504E0A2005C8B61 /* CountdownCalculator.swift in Sources */ = {isa = PBXBuildFile; fileRef = E6E314442504E0A2005C8B61 /* CountdownCalculator.swift */; };
		E6E314512504E0A2005C8B61 /* Countdown.swift in Sources */ = {isa = PBXBuildFile; fileRef = E6E314462504E0A2005C8B61 /* Countdown.swift */; };
		E6E314522504E0A2005C8B61 /* DateComponent.swift in Sources */ = {isa = PBXBuildFile; fileRef = E6E314472504E0A2005C8B61 /* DateComponent.swift */; };
		E6E314532504E0A2005C8B61 /* ComponentView.swift in Sources */ = {isa = PBXBuildFile; fileRef = E6E314492504E0A2005C8B61 /* ComponentView.swift */; };
		E6E314542504E0A2005C8B61 /* CountdownView.swift in Sources */ = {isa = PBXBuildFile; fileRef = E6E3144A2504E0A2005C8B61 /* CountdownView.swift */; };
		E6F81CE1251C81D60029FC93 /* AppDelegate.swift in Sources */ = {isa = PBXBuildFile; fileRef = E6F81CE0251C81D60029FC93 /* AppDelegate.swift */; };
		E6FE9137252F1E09007BAE96 /* AnimatableFontModifier.swift in Sources */ = {isa = PBXBuildFile; fileRef = E6FE9136252F1E09007BAE96 /* AnimatableFontModifier.swift */; };
		E6FE914B252F2353007BAE96 /* AnyTransition.swift in Sources */ = {isa = PBXBuildFile; fileRef = E6FE914A252F2353007BAE96 /* AnyTransition.swift */; };
		E6FE9152252F2356007BAE96 /* AnyTransition.swift in Sources */ = {isa = PBXBuildFile; fileRef = E6FE914A252F2353007BAE96 /* AnyTransition.swift */; };
/* End PBXBuildFile section */

/* Begin PBXContainerItemProxy section */
		E6517B872517643800F2DD13 /* PBXContainerItemProxy */ = {
			isa = PBXContainerItemProxy;
			containerPortal = E6E313FF2504DF87005C8B61 /* Project object */;
			proxyType = 1;
			remoteGlobalIDString = E6517B7D2517643800F2DD13;
			remoteInfo = CountdownSelectionUI;
		};
		E6517B8A2517643800F2DD13 /* PBXContainerItemProxy */ = {
			isa = PBXContainerItemProxy;
			containerPortal = E6E313FF2504DF87005C8B61 /* Project object */;
			proxyType = 1;
			remoteGlobalIDString = E6517B742517643800F2DD13;
			remoteInfo = CountdownSelection;
		};
		E680AD6825175C4E001B5333 /* PBXContainerItemProxy */ = {
			isa = PBXContainerItemProxy;
			containerPortal = E6E313FF2504DF87005C8B61 /* Project object */;
			proxyType = 1;
			remoteGlobalIDString = E680AD5925175C4D001B5333;
			remoteInfo = CountdownStatusExtension;
		};
		E6E3141E2504DF87005C8B61 /* PBXContainerItemProxy */ = {
			isa = PBXContainerItemProxy;
			containerPortal = E6E313FF2504DF87005C8B61 /* Project object */;
			proxyType = 1;
			remoteGlobalIDString = E6E314062504DF87005C8B61;
			remoteInfo = Countdown;
		};
		E6E314292504DF87005C8B61 /* PBXContainerItemProxy */ = {
			isa = PBXContainerItemProxy;
			containerPortal = E6E313FF2504DF87005C8B61 /* Project object */;
			proxyType = 1;
			remoteGlobalIDString = E6E314062504DF87005C8B61;
			remoteInfo = Countdown;
		};
/* End PBXContainerItemProxy section */

/* Begin PBXCopyFilesBuildPhase section */
		E680AD6B25175C4E001B5333 /* Embed App Extensions */ = {
			isa = PBXCopyFilesBuildPhase;
			buildActionMask = 2147483647;
			dstPath = "";
			dstSubfolderSpec = 13;
			files = (
				E6517B8C2517643800F2DD13 /* CountdownSelection.appex in Embed App Extensions */,
				E680AD6A25175C4E001B5333 /* CountdownStatusExtension.appex in Embed App Extensions */,
				E6517B892517643800F2DD13 /* CountdownSelectionUI.appex in Embed App Extensions */,
			);
			name = "Embed App Extensions";
			runOnlyForDeploymentPostprocessing = 0;
		};
/* End PBXCopyFilesBuildPhase section */

/* Begin PBXFileReference section */
		E613193D252ED9E900F4B810 /* ShareSheet.swift */ = {isa = PBXFileReference; lastKnownFileType = sourcecode.swift; path = ShareSheet.swift; sourceTree = "<group>"; };
		E613683C25245154009FF314 /* RoundButton.swift */ = {isa = PBXFileReference; lastKnownFileType = sourcecode.swift; path = RoundButton.swift; sourceTree = "<group>"; };
		E613684B25245185009FF314 /* SquishableButtonStyle.swift */ = {isa = PBXFileReference; lastKnownFileType = sourcecode.swift; path = SquishableButtonStyle.swift; sourceTree = "<group>"; };
		E61617342523FFAF00D58D19 /* CardsListView.swift */ = {isa = PBXFileReference; lastKnownFileType = sourcecode.swift; path = CardsListView.swift; sourceTree = "<group>"; };
		E6226797251B26E000C726C4 /* CountdownsManager.swift */ = {isa = PBXFileReference; lastKnownFileType = sourcecode.swift; path = CountdownsManager.swift; sourceTree = "<group>"; };
		E622679B251B4ACC00C726C4 /* RemindersManager.swift */ = {isa = PBXFileReference; lastKnownFileType = sourcecode.swift; path = RemindersManager.swift; sourceTree = "<group>"; };
		E63542F62522ED59008E6D8E /* CountdownContainer.swift */ = {isa = PBXFileReference; lastKnownFileType = sourcecode.swift; path = CountdownContainer.swift; sourceTree = "<group>"; };
		E635430D252301CC008E6D8E /* EmptyListView.swift */ = {isa = PBXFileReference; lastKnownFileType = sourcecode.swift; path = EmptyListView.swift; sourceTree = "<group>"; };
		E6488A4D252866A400BD59FC /* CountdownSelection.swift */ = {isa = PBXFileReference; lastKnownFileType = sourcecode.swift; path = CountdownSelection.swift; sourceTree = "<group>"; };
		E6488A55252866FD00BD59FC /* CreateCountdownButton.swift */ = {isa = PBXFileReference; lastKnownFileType = sourcecode.swift; path = CreateCountdownButton.swift; sourceTree = "<group>"; };
		E6517B752517643800F2DD13 /* CountdownSelection.appex */ = {isa = PBXFileReference; explicitFileType = "wrapper.app-extension"; includeInIndex = 0; path = CountdownSelection.appex; sourceTree = BUILT_PRODUCTS_DIR; };
		E6517B772517643800F2DD13 /* IntentHandler.swift */ = {isa = PBXFileReference; lastKnownFileType = sourcecode.swift; path = IntentHandler.swift; sourceTree = "<group>"; };
		E6517B792517643800F2DD13 /* Info.plist */ = {isa = PBXFileReference; lastKnownFileType = text.plist.xml; path = Info.plist; sourceTree = "<group>"; };
		E6517B7E2517643800F2DD13 /* CountdownSelectionUI.appex */ = {isa = PBXFileReference; explicitFileType = "wrapper.app-extension"; includeInIndex = 0; path = CountdownSelectionUI.appex; sourceTree = BUILT_PRODUCTS_DIR; };
		E6517B812517643800F2DD13 /* IntentViewController.swift */ = {isa = PBXFileReference; lastKnownFileType = sourcecode.swift; path = IntentViewController.swift; sourceTree = "<group>"; };
		E6517B842517643800F2DD13 /* Base */ = {isa = PBXFileReference; lastKnownFileType = file.storyboard; name = Base; path = Base.lproj/MainInterface.storyboard; sourceTree = "<group>"; };
		E6517B862517643800F2DD13 /* Info.plist */ = {isa = PBXFileReference; lastKnownFileType = text.plist.xml; path = Info.plist; sourceTree = "<group>"; };
		E6517BA0251772A500F2DD13 /* CountdownSelection.entitlements */ = {isa = PBXFileReference; lastKnownFileType = text.plist.entitlements; path = CountdownSelection.entitlements; sourceTree = "<group>"; };
		E658E8AB251057D1007E9AFD /* CardFrontView.swift */ = {isa = PBXFileReference; lastKnownFileType = sourcecode.swift; path = CardFrontView.swift; sourceTree = "<group>"; };
		E658E8AD25105E93007E9AFD /* FlipView.swift */ = {isa = PBXFileReference; lastKnownFileType = sourcecode.swift; path = FlipView.swift; sourceTree = "<group>"; };
		E658E8AF2510E86B007E9AFD /* Color.swift */ = {isa = PBXFileReference; lastKnownFileType = sourcecode.swift; path = Color.swift; sourceTree = "<group>"; };
		E658E8B32510FB28007E9AFD /* CardBackground.swift */ = {isa = PBXFileReference; lastKnownFileType = sourcecode.swift; path = CardBackground.swift; sourceTree = "<group>"; };
		E658E8B52510FD7C007E9AFD /* CardView.swift */ = {isa = PBXFileReference; lastKnownFileType = sourcecode.swift; path = CardView.swift; sourceTree = "<group>"; };
		E658E8B72510FE0B007E9AFD /* CardBackView.swift */ = {isa = PBXFileReference; lastKnownFileType = sourcecode.swift; path = CardBackView.swift; sourceTree = "<group>"; };
		E658E8B92510FE80007E9AFD /* CardBackViewModel.swift */ = {isa = PBXFileReference; lastKnownFileType = sourcecode.swift; path = CardBackViewModel.swift; sourceTree = "<group>"; };
		E658E8BC2510FEEA007E9AFD /* Blur.swift */ = {isa = PBXFileReference; lastKnownFileType = sourcecode.swift; path = Blur.swift; sourceTree = "<group>"; };
		E658E8BE2510FF70007E9AFD /* TitleView.swift */ = {isa = PBXFileReference; lastKnownFileType = sourcecode.swift; path = TitleView.swift; sourceTree = "<group>"; };
		E658E8C625110753007E9AFD /* UNUserNotificationCenter.swift */ = {isa = PBXFileReference; lastKnownFileType = sourcecode.swift; path = UNUserNotificationCenter.swift; sourceTree = "<group>"; };
		E65CFC362526F64A00C97ED4 /* StoreKit.framework */ = {isa = PBXFileReference; lastKnownFileType = wrapper.framework; name = StoreKit.framework; path = System/Library/Frameworks/StoreKit.framework; sourceTree = SDKROOT; };
		E65CFC392526F91B00C97ED4 /* PurchaseManager.swift */ = {isa = PBXFileReference; lastKnownFileType = sourcecode.swift; path = PurchaseManager.swift; sourceTree = "<group>"; };
		E65CFC412526FDC200C97ED4 /* Configuration.storekit */ = {isa = PBXFileReference; lastKnownFileType = text; path = Configuration.storekit; sourceTree = "<group>"; };
		E65CFC482527045300C97ED4 /* GetPremiumView.swift */ = {isa = PBXFileReference; lastKnownFileType = sourcecode.swift; path = GetPremiumView.swift; sourceTree = "<group>"; };
		E65CFC5025270C6F00C97ED4 /* UIImage.swift */ = {isa = PBXFileReference; lastKnownFileType = sourcecode.swift; path = UIImage.swift; sourceTree = "<group>"; };
		E65E210525280A1C0078CF33 /* PeriodView.swift */ = {isa = PBXFileReference; lastKnownFileType = sourcecode.swift; path = PeriodView.swift; sourceTree = "<group>"; };
		E6614F76252AEC930078A5ED /* PhotoPickerViewController.swift */ = {isa = PBXFileReference; lastKnownFileType = sourcecode.swift; path = PhotoPickerViewController.swift; sourceTree = "<group>"; };
		E66169A1251119AF00E5C15C /* PhotoPicker.swift */ = {isa = PBXFileReference; lastKnownFileType = sourcecode.swift; path = PhotoPicker.swift; sourceTree = "<group>"; };
		E66169A3251122B200E5C15C /* ImageView.swift */ = {isa = PBXFileReference; lastKnownFileType = sourcecode.swift; path = ImageView.swift; sourceTree = "<group>"; };
		E66F1635252C50D400B552A8 /* ShareViewController.swift */ = {isa = PBXFileReference; lastKnownFileType = sourcecode.swift; path = ShareViewController.swift; sourceTree = "<group>"; };
		E672EAF8251DCFFF00724B2B /* DankMono-Regular.otf */ = {isa = PBXFileReference; lastKnownFileType = file; path = "DankMono-Regular.otf"; sourceTree = "<group>"; };
		E672EAFA251DD07D00724B2B /* Font.swift */ = {isa = PBXFileReference; lastKnownFileType = sourcecode.swift; path = Font.swift; sourceTree = "<group>"; };
		E672EB00251DE16800724B2B /* Localizable.stringsdict */ = {isa = PBXFileReference; fileEncoding = 4; lastKnownFileType = text.plist.stringsdict; path = Localizable.stringsdict; sourceTree = "<group>"; };
		E672EB01251DE16800724B2B /* Localizable.strings */ = {isa = PBXFileReference; fileEncoding = 4; lastKnownFileType = text.plist.strings; path = Localizable.strings; sourceTree = "<group>"; };
		E6766A8C252898EE00CAEF6E /* LoadingSpinner.swift */ = {isa = PBXFileReference; lastKnownFileType = sourcecode.swift; path = LoadingSpinner.swift; sourceTree = "<group>"; };
		E67AB3B3251C58D200D94B87 /* EnvironmentValues+CountdownsManagerKey.swift */ = {isa = PBXFileReference; lastKnownFileType = sourcecode.swift; path = "EnvironmentValues+CountdownsManagerKey.swift"; sourceTree = "<group>"; };
		E67C537725183E4B00402D27 /* CountdownStatusExtension.entitlements */ = {isa = PBXFileReference; lastKnownFileType = text.plist.entitlements; path = CountdownStatusExtension.entitlements; sourceTree = "<group>"; };
		E67C5378251873D600402D27 /* WidgetCountdowntLarge.swift */ = {isa = PBXFileReference; lastKnownFileType = sourcecode.swift; path = WidgetCountdowntLarge.swift; sourceTree = "<group>"; };
		E67C537B25187A7500402D27 /* WidgetCountdownMedium.swift */ = {isa = PBXFileReference; lastKnownFileType = sourcecode.swift; path = WidgetCountdownMedium.swift; sourceTree = "<group>"; };
		E67C537D251885AA00402D27 /* WidgetCountdownSmall.swift */ = {isa = PBXFileReference; lastKnownFileType = sourcecode.swift; path = WidgetCountdownSmall.swift; sourceTree = "<group>"; };
		E67C537F251887C100402D27 /* WidgetCountdownProvider.swift */ = {isa = PBXFileReference; lastKnownFileType = sourcecode.swift; path = WidgetCountdownProvider.swift; sourceTree = "<group>"; };
		E67C53812518880500402D27 /* CountdonWidget.swift */ = {isa = PBXFileReference; lastKnownFileType = sourcecode.swift; path = CountdonWidget.swift; sourceTree = "<group>"; };
		E67C5383251889F500402D27 /* WidgetEmptyStateProvider.swift */ = {isa = PBXFileReference; lastKnownFileType = sourcecode.swift; path = WidgetEmptyStateProvider.swift; sourceTree = "<group>"; };
		E67C538525188A1E00402D27 /* WidgetEmptyStateSmall.swift */ = {isa = PBXFileReference; lastKnownFileType = sourcecode.swift; path = WidgetEmptyStateSmall.swift; sourceTree = "<group>"; };
		E67C538725188A3B00402D27 /* WidgetEmptyStateMedium.swift */ = {isa = PBXFileReference; lastKnownFileType = sourcecode.swift; path = WidgetEmptyStateMedium.swift; sourceTree = "<group>"; };
		E67C538925188A4100402D27 /* WidgetEmptyStateLarge.swift */ = {isa = PBXFileReference; lastKnownFileType = sourcecode.swift; path = WidgetEmptyStateLarge.swift; sourceTree = "<group>"; };
		E67F4F35252D3D51001466D2 /* SettingsView.swift */ = {isa = PBXFileReference; lastKnownFileType = sourcecode.swift; path = SettingsView.swift; sourceTree = "<group>"; };
		E680AD5A25175C4D001B5333 /* CountdownStatusExtension.appex */ = {isa = PBXFileReference; explicitFileType = "wrapper.app-extension"; includeInIndex = 0; path = CountdownStatusExtension.appex; sourceTree = BUILT_PRODUCTS_DIR; };
		E680AD5B25175C4D001B5333 /* WidgetKit.framework */ = {isa = PBXFileReference; lastKnownFileType = wrapper.framework; name = WidgetKit.framework; path = System/Library/Frameworks/WidgetKit.framework; sourceTree = SDKROOT; };
		E680AD5D25175C4D001B5333 /* SwiftUI.framework */ = {isa = PBXFileReference; lastKnownFileType = wrapper.framework; name = SwiftUI.framework; path = System/Library/Frameworks/SwiftUI.framework; sourceTree = SDKROOT; };
		E680AD6025175C4D001B5333 /* CountdownStatus.swift */ = {isa = PBXFileReference; lastKnownFileType = sourcecode.swift; path = CountdownStatus.swift; sourceTree = "<group>"; };
		E680AD6325175C4E001B5333 /* Assets.xcassets */ = {isa = PBXFileReference; lastKnownFileType = folder.assetcatalog; path = Assets.xcassets; sourceTree = "<group>"; };
		E680AD6525175C4E001B5333 /* Info.plist */ = {isa = PBXFileReference; lastKnownFileType = text.plist.xml; path = Info.plist; sourceTree = "<group>"; };
		E680AD7D25175EF3001B5333 /* IntentsUI.framework */ = {isa = PBXFileReference; lastKnownFileType = wrapper.framework; name = IntentsUI.framework; path = System/Library/Frameworks/IntentsUI.framework; sourceTree = SDKROOT; };
		E6874A6C2521CBFB00B05377 /* Base */ = {isa = PBXFileReference; lastKnownFileType = file.intentdefinition; name = Base; path = Base.lproj/CountdownStatus.intentdefinition; sourceTree = "<group>"; };
		E6CAB06325172720003848F9 /* ImageCache.swift */ = {isa = PBXFileReference; lastKnownFileType = sourcecode.swift; path = ImageCache.swift; sourceTree = "<group>"; };
		E6CAB066251727DC003848F9 /* CountdownObject.swift */ = {isa = PBXFileReference; lastKnownFileType = sourcecode.swift; path = CountdownObject.swift; sourceTree = "<group>"; };
		E6CAB07125172F51003848F9 /* ImageLoader.swift */ = {isa = PBXFileReference; lastKnownFileType = sourcecode.swift; path = ImageLoader.swift; sourceTree = "<group>"; };
		E6DA816F2526EC9A00194EC6 /* Animation.swift */ = {isa = PBXFileReference; lastKnownFileType = sourcecode.swift; path = Animation.swift; sourceTree = "<group>"; };
		E6E314072504DF87005C8B61 /* Countdown.app */ = {isa = PBXFileReference; explicitFileType = wrapper.application; includeInIndex = 0; path = Countdown.app; sourceTree = BUILT_PRODUCTS_DIR; };
		E6E3140A2504DF87005C8B61 /* CountdownApp.swift */ = {isa = PBXFileReference; lastKnownFileType = sourcecode.swift; path = CountdownApp.swift; sourceTree = "<group>"; };
		E6E3140E2504DF87005C8B61 /* Assets.xcassets */ = {isa = PBXFileReference; lastKnownFileType = folder.assetcatalog; path = Assets.xcassets; sourceTree = "<group>"; };
		E6E314112504DF87005C8B61 /* Preview Assets.xcassets */ = {isa = PBXFileReference; lastKnownFileType = folder.assetcatalog; path = "Preview Assets.xcassets"; sourceTree = "<group>"; };
		E6E314132504DF87005C8B61 /* Persistence.swift */ = {isa = PBXFileReference; lastKnownFileType = sourcecode.swift; path = Persistence.swift; sourceTree = "<group>"; };
		E6E314162504DF87005C8B61 /* Countdown.xcdatamodel */ = {isa = PBXFileReference; lastKnownFileType = wrapper.xcdatamodel; path = Countdown.xcdatamodel; sourceTree = "<group>"; };
		E6E314182504DF87005C8B61 /* Info.plist */ = {isa = PBXFileReference; lastKnownFileType = text.plist.xml; path = Info.plist; sourceTree = "<group>"; };
		E6E3141D2504DF87005C8B61 /* CountdownTests.xctest */ = {isa = PBXFileReference; explicitFileType = wrapper.cfbundle; includeInIndex = 0; path = CountdownTests.xctest; sourceTree = BUILT_PRODUCTS_DIR; };
		E6E314212504DF87005C8B61 /* CountdownTests.swift */ = {isa = PBXFileReference; lastKnownFileType = sourcecode.swift; path = CountdownTests.swift; sourceTree = "<group>"; };
		E6E314232504DF87005C8B61 /* Info.plist */ = {isa = PBXFileReference; lastKnownFileType = text.plist.xml; path = Info.plist; sourceTree = "<group>"; };
		E6E314282504DF87005C8B61 /* CountdownUITests.xctest */ = {isa = PBXFileReference; explicitFileType = wrapper.cfbundle; includeInIndex = 0; path = CountdownUITests.xctest; sourceTree = BUILT_PRODUCTS_DIR; };
		E6E3142C2504DF87005C8B61 /* CountdownUITests.swift */ = {isa = PBXFileReference; lastKnownFileType = sourcecode.swift; path = CountdownUITests.swift; sourceTree = "<group>"; };
		E6E3142E2504DF87005C8B61 /* Info.plist */ = {isa = PBXFileReference; lastKnownFileType = text.plist.xml; path = Info.plist; sourceTree = "<group>"; };
		E6E3143A2504E005005C8B61 /* Countdown.entitlements */ = {isa = PBXFileReference; lastKnownFileType = text.plist.entitlements; path = Countdown.entitlements; sourceTree = "<group>"; };
		E6E3143C2504E007005C8B61 /* CloudKit.framework */ = {isa = PBXFileReference; lastKnownFileType = wrapper.framework; name = CloudKit.framework; path = System/Library/Frameworks/CloudKit.framework; sourceTree = SDKROOT; };
		E6E3143F2504E0A2005C8B61 /* Date.swift */ = {isa = PBXFileReference; fileEncoding = 4; lastKnownFileType = sourcecode.swift; path = Date.swift; sourceTree = "<group>"; };
		E6E314442504E0A2005C8B61 /* CountdownCalculator.swift */ = {isa = PBXFileReference; fileEncoding = 4; lastKnownFileType = sourcecode.swift; path = CountdownCalculator.swift; sourceTree = "<group>"; };
		E6E314462504E0A2005C8B61 /* Countdown.swift */ = {isa = PBXFileReference; fileEncoding = 4; lastKnownFileType = sourcecode.swift; path = Countdown.swift; sourceTree = "<group>"; };
		E6E314472504E0A2005C8B61 /* DateComponent.swift */ = {isa = PBXFileReference; fileEncoding = 4; lastKnownFileType = sourcecode.swift; path = DateComponent.swift; sourceTree = "<group>"; };
		E6E314492504E0A2005C8B61 /* ComponentView.swift */ = {isa = PBXFileReference; fileEncoding = 4; lastKnownFileType = sourcecode.swift; path = ComponentView.swift; sourceTree = "<group>"; };
		E6E3144A2504E0A2005C8B61 /* CountdownView.swift */ = {isa = PBXFileReference; fileEncoding = 4; lastKnownFileType = sourcecode.swift; path = CountdownView.swift; sourceTree = "<group>"; };
		E6F81CE0251C81D60029FC93 /* AppDelegate.swift */ = {isa = PBXFileReference; lastKnownFileType = sourcecode.swift; path = AppDelegate.swift; sourceTree = "<group>"; };
		E6FE9136252F1E09007BAE96 /* AnimatableFontModifier.swift */ = {isa = PBXFileReference; lastKnownFileType = sourcecode.swift; path = AnimatableFontModifier.swift; sourceTree = "<group>"; };
		E6FE914A252F2353007BAE96 /* AnyTransition.swift */ = {isa = PBXFileReference; lastKnownFileType = sourcecode.swift; path = AnyTransition.swift; sourceTree = "<group>"; };
/* End PBXFileReference section */

/* Begin PBXFrameworksBuildPhase section */
		E6517B722517643800F2DD13 /* Frameworks */ = {
			isa = PBXFrameworksBuildPhase;
			buildActionMask = 2147483647;
			files = (
				E6517BA1251772AC00F2DD13 /* CloudKit.framework in Frameworks */,
			);
			runOnlyForDeploymentPostprocessing = 0;
		};
		E6517B7B2517643800F2DD13 /* Frameworks */ = {
			isa = PBXFrameworksBuildPhase;
			buildActionMask = 2147483647;
			files = (
				E6517B7F2517643800F2DD13 /* IntentsUI.framework in Frameworks */,
			);
			runOnlyForDeploymentPostprocessing = 0;
		};
		E680AD5725175C4D001B5333 /* Frameworks */ = {
			isa = PBXFrameworksBuildPhase;
			buildActionMask = 2147483647;
			files = (
				E680AD5E25175C4D001B5333 /* SwiftUI.framework in Frameworks */,
				E680AD5C25175C4D001B5333 /* WidgetKit.framework in Frameworks */,
			);
			runOnlyForDeploymentPostprocessing = 0;
		};
		E6E314042504DF87005C8B61 /* Frameworks */ = {
			isa = PBXFrameworksBuildPhase;
			buildActionMask = 2147483647;
			files = (
				E616171025230EF800D58D19 /* UnsplashPhotoPicker in Frameworks */,
				E6E3143D2504E007005C8B61 /* CloudKit.framework in Frameworks */,
				E66169A02511195400E5C15C /* UnsplashPhotoPicker in Frameworks */,
				E65CFC372526F64A00C97ED4 /* StoreKit.framework in Frameworks */,
			);
			runOnlyForDeploymentPostprocessing = 0;
		};
		E6E3141A2504DF87005C8B61 /* Frameworks */ = {
			isa = PBXFrameworksBuildPhase;
			buildActionMask = 2147483647;
			files = (
			);
			runOnlyForDeploymentPostprocessing = 0;
		};
		E6E314252504DF87005C8B61 /* Frameworks */ = {
			isa = PBXFrameworksBuildPhase;
			buildActionMask = 2147483647;
			files = (
			);
			runOnlyForDeploymentPostprocessing = 0;
		};
/* End PBXFrameworksBuildPhase section */

/* Begin PBXGroup section */
		E6517B762517643800F2DD13 /* CountdownSelection */ = {
			isa = PBXGroup;
			children = (
				E6517BA0251772A500F2DD13 /* CountdownSelection.entitlements */,
				E6517B772517643800F2DD13 /* IntentHandler.swift */,
				E6517B792517643800F2DD13 /* Info.plist */,
			);
			path = CountdownSelection;
			sourceTree = "<group>";
		};
		E6517B802517643800F2DD13 /* CountdownSelectionUI */ = {
			isa = PBXGroup;
			children = (
				E6517B812517643800F2DD13 /* IntentViewController.swift */,
				E6517B832517643800F2DD13 /* MainInterface.storyboard */,
				E6517B862517643800F2DD13 /* Info.plist */,
			);
			path = CountdownSelectionUI;
			sourceTree = "<group>";
		};
		E658E8BB2510FEE3007E9AFD /* Helpers */ = {
			isa = PBXGroup;
			children = (
				E6E314132504DF87005C8B61 /* Persistence.swift */,
				E6E314442504E0A2005C8B61 /* CountdownCalculator.swift */,
				E658E8AD25105E93007E9AFD /* FlipView.swift */,
				E658E8BC2510FEEA007E9AFD /* Blur.swift */,
				E658E8C625110753007E9AFD /* UNUserNotificationCenter.swift */,
				E6CAB06325172720003848F9 /* ImageCache.swift */,
				E6CAB07125172F51003848F9 /* ImageLoader.swift */,
				E6F81CE0251C81D60029FC93 /* AppDelegate.swift */,
				E613684B25245185009FF314 /* SquishableButtonStyle.swift */,
				E6FE9136252F1E09007BAE96 /* AnimatableFontModifier.swift */,
			);
			path = Helpers;
			sourceTree = "<group>";
		};
		E672EAF3251DCFB600724B2B /* Fonts */ = {
			isa = PBXGroup;
			children = (
				E672EAF8251DCFFF00724B2B /* DankMono-Regular.otf */,
			);
			path = Fonts;
			sourceTree = "<group>";
		};
		E680AD5F25175C4D001B5333 /* CountdownStatus */ = {
			isa = PBXGroup;
			children = (
				E680AD6025175C4D001B5333 /* CountdownStatus.swift */,
				E67C53812518880500402D27 /* CountdonWidget.swift */,
				E67C537F251887C100402D27 /* WidgetCountdownProvider.swift */,
				E67C5378251873D600402D27 /* WidgetCountdowntLarge.swift */,
				E67C537B25187A7500402D27 /* WidgetCountdownMedium.swift */,
				E67C537D251885AA00402D27 /* WidgetCountdownSmall.swift */,
				E67C5383251889F500402D27 /* WidgetEmptyStateProvider.swift */,
				E67C538525188A1E00402D27 /* WidgetEmptyStateSmall.swift */,
				E67C538725188A3B00402D27 /* WidgetEmptyStateMedium.swift */,
				E67C538925188A4100402D27 /* WidgetEmptyStateLarge.swift */,
				E6874A592521CA3500B05377 /* CountdownStatus.intentdefinition */,
				E680AD6325175C4E001B5333 /* Assets.xcassets */,
				E680AD6525175C4E001B5333 /* Info.plist */,
			);
			path = CountdownStatus;
			sourceTree = "<group>";
		};
		E6E313FE2504DF87005C8B61 = {
			isa = PBXGroup;
			children = (
				E65CFC412526FDC200C97ED4 /* Configuration.storekit */,
				E67C537725183E4B00402D27 /* CountdownStatusExtension.entitlements */,
				E6E314092504DF87005C8B61 /* Countdown */,
				E6E314202504DF87005C8B61 /* CountdownTests */,
				E6E3142B2504DF87005C8B61 /* CountdownUITests */,
				E680AD5F25175C4D001B5333 /* CountdownStatus */,
				E6517B762517643800F2DD13 /* CountdownSelection */,
				E6517B802517643800F2DD13 /* CountdownSelectionUI */,
				E6E314082504DF87005C8B61 /* Products */,
				E6E3143B2504E007005C8B61 /* Frameworks */,
			);
			sourceTree = "<group>";
		};
		E6E314082504DF87005C8B61 /* Products */ = {
			isa = PBXGroup;
			children = (
				E6E314072504DF87005C8B61 /* Countdown.app */,
				E6E3141D2504DF87005C8B61 /* CountdownTests.xctest */,
				E6E314282504DF87005C8B61 /* CountdownUITests.xctest */,
				E680AD5A25175C4D001B5333 /* CountdownStatusExtension.appex */,
				E6517B752517643800F2DD13 /* CountdownSelection.appex */,
				E6517B7E2517643800F2DD13 /* CountdownSelectionUI.appex */,
			);
			name = Products;
			sourceTree = "<group>";
		};
		E6E314092504DF87005C8B61 /* Countdown */ = {
			isa = PBXGroup;
			children = (
				E672EB01251DE16800724B2B /* Localizable.strings */,
				E672EB00251DE16800724B2B /* Localizable.stringsdict */,
				E672EAF3251DCFB600724B2B /* Fonts */,
				E658E8BB2510FEE3007E9AFD /* Helpers */,
				E6E3143E2504E0A2005C8B61 /* Extensions */,
				E6E314452504E0A2005C8B61 /* Models */,
				E6E314482504E0A2005C8B61 /* Views */,
				E6E3143A2504E005005C8B61 /* Countdown.entitlements */,
				E6E3140A2504DF87005C8B61 /* CountdownApp.swift */,
				E6E3140E2504DF87005C8B61 /* Assets.xcassets */,
				E6E314182504DF87005C8B61 /* Info.plist */,
				E6E314152504DF87005C8B61 /* Countdown.xcdatamodeld */,
				E6E314102504DF87005C8B61 /* Preview Content */,
				E65CFC392526F91B00C97ED4 /* PurchaseManager.swift */,
			);
			path = Countdown;
			sourceTree = "<group>";
		};
		E6E314102504DF87005C8B61 /* Preview Content */ = {
			isa = PBXGroup;
			children = (
				E6E314112504DF87005C8B61 /* Preview Assets.xcassets */,
			);
			path = "Preview Content";
			sourceTree = "<group>";
		};
		E6E314202504DF87005C8B61 /* CountdownTests */ = {
			isa = PBXGroup;
			children = (
				E6E314212504DF87005C8B61 /* CountdownTests.swift */,
				E6E314232504DF87005C8B61 /* Info.plist */,
			);
			path = CountdownTests;
			sourceTree = "<group>";
		};
		E6E3142B2504DF87005C8B61 /* CountdownUITests */ = {
			isa = PBXGroup;
			children = (
				E6E3142C2504DF87005C8B61 /* CountdownUITests.swift */,
				E6E3142E2504DF87005C8B61 /* Info.plist */,
			);
			path = CountdownUITests;
			sourceTree = "<group>";
		};
		E6E3143B2504E007005C8B61 /* Frameworks */ = {
			isa = PBXGroup;
			children = (
				E65CFC362526F64A00C97ED4 /* StoreKit.framework */,
				E6E3143C2504E007005C8B61 /* CloudKit.framework */,
				E680AD5B25175C4D001B5333 /* WidgetKit.framework */,
				E680AD5D25175C4D001B5333 /* SwiftUI.framework */,
				E680AD7D25175EF3001B5333 /* IntentsUI.framework */,
			);
			name = Frameworks;
			sourceTree = "<group>";
		};
		E6E3143E2504E0A2005C8B61 /* Extensions */ = {
			isa = PBXGroup;
			children = (
				E66169A1251119AF00E5C15C /* PhotoPicker.swift */,
				E6614F76252AEC930078A5ED /* PhotoPickerViewController.swift */,
				E65CFC5025270C6F00C97ED4 /* UIImage.swift */,
				E658E8AF2510E86B007E9AFD /* Color.swift */,
				E6E3143F2504E0A2005C8B61 /* Date.swift */,
				E67AB3B3251C58D200D94B87 /* EnvironmentValues+CountdownsManagerKey.swift */,
				E672EAFA251DD07D00724B2B /* Font.swift */,
				E6DA816F2526EC9A00194EC6 /* Animation.swift */,
				E66F1635252C50D400B552A8 /* ShareViewController.swift */,
				E6FE914A252F2353007BAE96 /* AnyTransition.swift */,
			);
			path = Extensions;
			sourceTree = "<group>";
		};
		E6E314452504E0A2005C8B61 /* Models */ = {
			isa = PBXGroup;
			children = (
				E6E314462504E0A2005C8B61 /* Countdown.swift */,
				E6CAB066251727DC003848F9 /* CountdownObject.swift */,
				E6E314472504E0A2005C8B61 /* DateComponent.swift */,
			);
			path = Models;
			sourceTree = "<group>";
		};
		E6E314482504E0A2005C8B61 /* Views */ = {
			isa = PBXGroup;
			children = (
				E61617342523FFAF00D58D19 /* CardsListView.swift */,
				E6488A55252866FD00BD59FC /* CreateCountdownButton.swift */,
				E6488A4D252866A400BD59FC /* CountdownSelection.swift */,
				E635430D252301CC008E6D8E /* EmptyListView.swift */,
				E6226797251B26E000C726C4 /* CountdownsManager.swift */,
				E622679B251B4ACC00C726C4 /* RemindersManager.swift */,
				E658E8B52510FD7C007E9AFD /* CardView.swift */,
				E658E8AB251057D1007E9AFD /* CardFrontView.swift */,
				E658E8B92510FE80007E9AFD /* CardBackViewModel.swift */,
				E658E8B72510FE0B007E9AFD /* CardBackView.swift */,
				E613683C25245154009FF314 /* RoundButton.swift */,
				E6E314492504E0A2005C8B61 /* ComponentView.swift */,
				E6E3144A2504E0A2005C8B61 /* CountdownView.swift */,
				E63542F62522ED59008E6D8E /* CountdownContainer.swift */,
				E658E8BE2510FF70007E9AFD /* TitleView.swift */,
				E658E8B32510FB28007E9AFD /* CardBackground.swift */,
				E66169A3251122B200E5C15C /* ImageView.swift */,
				E65CFC482527045300C97ED4 /* GetPremiumView.swift */,
				E65E210525280A1C0078CF33 /* PeriodView.swift */,
				E6766A8C252898EE00CAEF6E /* LoadingSpinner.swift */,
				E67F4F35252D3D51001466D2 /* SettingsView.swift */,
				E613193D252ED9E900F4B810 /* ShareSheet.swift */,
			);
			path = Views;
			sourceTree = "<group>";
		};
/* End PBXGroup section */

/* Begin PBXNativeTarget section */
		E6517B742517643800F2DD13 /* CountdownSelection */ = {
			isa = PBXNativeTarget;
			buildConfigurationList = E6517B902517643800F2DD13 /* Build configuration list for PBXNativeTarget "CountdownSelection" */;
			buildPhases = (
				E6517B712517643800F2DD13 /* Sources */,
				E6517B722517643800F2DD13 /* Frameworks */,
				E6517B732517643800F2DD13 /* Resources */,
			);
			buildRules = (
			);
			dependencies = (
			);
			name = CountdownSelection;
			productName = CountdownSelection;
			productReference = E6517B752517643800F2DD13 /* CountdownSelection.appex */;
			productType = "com.apple.product-type.app-extension";
		};
		E6517B7D2517643800F2DD13 /* CountdownSelectionUI */ = {
			isa = PBXNativeTarget;
			buildConfigurationList = E6517B8D2517643800F2DD13 /* Build configuration list for PBXNativeTarget "CountdownSelectionUI" */;
			buildPhases = (
				E6517B7A2517643800F2DD13 /* Sources */,
				E6517B7B2517643800F2DD13 /* Frameworks */,
				E6517B7C2517643800F2DD13 /* Resources */,
			);
			buildRules = (
			);
			dependencies = (
			);
			name = CountdownSelectionUI;
			productName = CountdownSelectionUI;
			productReference = E6517B7E2517643800F2DD13 /* CountdownSelectionUI.appex */;
			productType = "com.apple.product-type.app-extension";
		};
		E680AD5925175C4D001B5333 /* CountdownStatusExtension */ = {
			isa = PBXNativeTarget;
			buildConfigurationList = E680AD6E25175C4E001B5333 /* Build configuration list for PBXNativeTarget "CountdownStatusExtension" */;
			buildPhases = (
				E680AD5625175C4D001B5333 /* Sources */,
				E680AD5725175C4D001B5333 /* Frameworks */,
				E680AD5825175C4D001B5333 /* Resources */,
			);
			buildRules = (
			);
			dependencies = (
			);
			name = CountdownStatusExtension;
			productName = CountdownStatusExtension;
			productReference = E680AD5A25175C4D001B5333 /* CountdownStatusExtension.appex */;
			productType = "com.apple.product-type.app-extension";
		};
		E6E314062504DF87005C8B61 /* Countdown */ = {
			isa = PBXNativeTarget;
			buildConfigurationList = E6E314312504DF87005C8B61 /* Build configuration list for PBXNativeTarget "Countdown" */;
			buildPhases = (
				E6E314032504DF87005C8B61 /* Sources */,
				E6E314042504DF87005C8B61 /* Frameworks */,
				E6E314052504DF87005C8B61 /* Resources */,
				E680AD6B25175C4E001B5333 /* Embed App Extensions */,
			);
			buildRules = (
			);
			dependencies = (
				E680AD6925175C4E001B5333 /* PBXTargetDependency */,
				E6517B882517643800F2DD13 /* PBXTargetDependency */,
				E6517B8B2517643800F2DD13 /* PBXTargetDependency */,
			);
			name = Countdown;
			packageProductDependencies = (
				E661699F2511195400E5C15C /* UnsplashPhotoPicker */,
				E616170F25230EF800D58D19 /* UnsplashPhotoPicker */,
			);
			productName = Countdown;
			productReference = E6E314072504DF87005C8B61 /* Countdown.app */;
			productType = "com.apple.product-type.application";
		};
		E6E3141C2504DF87005C8B61 /* CountdownTests */ = {
			isa = PBXNativeTarget;
			buildConfigurationList = E6E314342504DF87005C8B61 /* Build configuration list for PBXNativeTarget "CountdownTests" */;
			buildPhases = (
				E6E314192504DF87005C8B61 /* Sources */,
				E6E3141A2504DF87005C8B61 /* Frameworks */,
				E6E3141B2504DF87005C8B61 /* Resources */,
			);
			buildRules = (
			);
			dependencies = (
				E6E3141F2504DF87005C8B61 /* PBXTargetDependency */,
			);
			name = CountdownTests;
			productName = CountdownTests;
			productReference = E6E3141D2504DF87005C8B61 /* CountdownTests.xctest */;
			productType = "com.apple.product-type.bundle.unit-test";
		};
		E6E314272504DF87005C8B61 /* CountdownUITests */ = {
			isa = PBXNativeTarget;
			buildConfigurationList = E6E314372504DF87005C8B61 /* Build configuration list for PBXNativeTarget "CountdownUITests" */;
			buildPhases = (
				E6E314242504DF87005C8B61 /* Sources */,
				E6E314252504DF87005C8B61 /* Frameworks */,
				E6E314262504DF87005C8B61 /* Resources */,
			);
			buildRules = (
			);
			dependencies = (
				E6E3142A2504DF87005C8B61 /* PBXTargetDependency */,
			);
			name = CountdownUITests;
			productName = CountdownUITests;
			productReference = E6E314282504DF87005C8B61 /* CountdownUITests.xctest */;
			productType = "com.apple.product-type.bundle.ui-testing";
		};
/* End PBXNativeTarget section */

/* Begin PBXProject section */
		E6E313FF2504DF87005C8B61 /* Project object */ = {
			isa = PBXProject;
			attributes = {
				LastSwiftUpdateCheck = 1200;
				LastUpgradeCheck = 1200;
				TargetAttributes = {
					E6517B742517643800F2DD13 = {
						CreatedOnToolsVersion = 12.0;
					};
					E6517B7D2517643800F2DD13 = {
						CreatedOnToolsVersion = 12.0;
					};
					E680AD5925175C4D001B5333 = {
						CreatedOnToolsVersion = 12.0;
					};
					E6E314062504DF87005C8B61 = {
						CreatedOnToolsVersion = 12.0;
					};
					E6E3141C2504DF87005C8B61 = {
						CreatedOnToolsVersion = 12.0;
						TestTargetID = E6E314062504DF87005C8B61;
					};
					E6E314272504DF87005C8B61 = {
						CreatedOnToolsVersion = 12.0;
						TestTargetID = E6E314062504DF87005C8B61;
					};
				};
			};
			buildConfigurationList = E6E314022504DF87005C8B61 /* Build configuration list for PBXProject "Countdown" */;
			compatibilityVersion = "Xcode 9.3";
			developmentRegion = en;
			hasScannedForEncodings = 0;
			knownRegions = (
				en,
				Base,
			);
			mainGroup = E6E313FE2504DF87005C8B61;
			packageReferences = (
				E616170E25230EF800D58D19 /* XCRemoteSwiftPackageReference "unsplash-photopicker-ios" */,
			);
			productRefGroup = E6E314082504DF87005C8B61 /* Products */;
			projectDirPath = "";
			projectRoot = "";
			targets = (
				E6E314062504DF87005C8B61 /* Countdown */,
				E6E3141C2504DF87005C8B61 /* CountdownTests */,
				E6E314272504DF87005C8B61 /* CountdownUITests */,
				E680AD5925175C4D001B5333 /* CountdownStatusExtension */,
				E6517B742517643800F2DD13 /* CountdownSelection */,
				E6517B7D2517643800F2DD13 /* CountdownSelectionUI */,
			);
		};
/* End PBXProject section */

/* Begin PBXResourcesBuildPhase section */
		E6517B732517643800F2DD13 /* Resources */ = {
			isa = PBXResourcesBuildPhase;
			buildActionMask = 2147483647;
			files = (
			);
			runOnlyForDeploymentPostprocessing = 0;
		};
		E6517B7C2517643800F2DD13 /* Resources */ = {
			isa = PBXResourcesBuildPhase;
			buildActionMask = 2147483647;
			files = (
				E6517B852517643800F2DD13 /* MainInterface.storyboard in Resources */,
			);
			runOnlyForDeploymentPostprocessing = 0;
		};
		E680AD5825175C4D001B5333 /* Resources */ = {
			isa = PBXResourcesBuildPhase;
			buildActionMask = 2147483647;
			files = (
				E680AD6425175C4E001B5333 /* Assets.xcassets in Resources */,
				E672EAFD251DD4E700724B2B /* DankMono-Regular.otf in Resources */,
				E672EB04251DE19A00724B2B /* Localizable.strings in Resources */,
				E672EB05251DE19C00724B2B /* Localizable.stringsdict in Resources */,
			);
			runOnlyForDeploymentPostprocessing = 0;
		};
		E6E314052504DF87005C8B61 /* Resources */ = {
			isa = PBXResourcesBuildPhase;
			buildActionMask = 2147483647;
			files = (
				E672EB03251DE16800724B2B /* Localizable.strings in Resources */,
				E6E314122504DF87005C8B61 /* Preview Assets.xcassets in Resources */,
				E672EB02251DE16800724B2B /* Localizable.stringsdict in Resources */,
				E6E3140F2504DF87005C8B61 /* Assets.xcassets in Resources */,
				E672EAF9251DD02100724B2B /* DankMono-Regular.otf in Resources */,
			);
			runOnlyForDeploymentPostprocessing = 0;
		};
		E6E3141B2504DF87005C8B61 /* Resources */ = {
			isa = PBXResourcesBuildPhase;
			buildActionMask = 2147483647;
			files = (
			);
			runOnlyForDeploymentPostprocessing = 0;
		};
		E6E314262504DF87005C8B61 /* Resources */ = {
			isa = PBXResourcesBuildPhase;
			buildActionMask = 2147483647;
			files = (
			);
			runOnlyForDeploymentPostprocessing = 0;
		};
/* End PBXResourcesBuildPhase section */

/* Begin PBXSourcesBuildPhase section */
		E6517B712517643800F2DD13 /* Sources */ = {
			isa = PBXSourcesBuildPhase;
			buildActionMask = 2147483647;
			files = (
				E6517B9B251766AD00F2DD13 /* DateComponent.swift in Sources */,
				E6226795251B235400C726C4 /* CountdownObject.swift in Sources */,
				E6766A9A2529C90D00CAEF6E /* PurchaseManager.swift in Sources */,
				E6226799251B464F00C726C4 /* CountdownsManager.swift in Sources */,
				E6517B9C251766B700F2DD13 /* CountdownCalculator.swift in Sources */,
				E6517B962517668400F2DD13 /* Countdown.xcdatamodeld in Sources */,
				E6517B982517669A00F2DD13 /* Countdown.swift in Sources */,
				E6874A572521CA3500B05377 /* CountdownStatus.intentdefinition in Sources */,
				E6517B9A251766A400F2DD13 /* Date.swift in Sources */,
				E67AB3B6251C591100D94B87 /* EnvironmentValues+CountdownsManagerKey.swift in Sources */,
				E6517B782517643800F2DD13 /* IntentHandler.swift in Sources */,
				E6226794251B231A00C726C4 /* Persistence.swift in Sources */,
				E6517B9D251766C000F2DD13 /* UNUserNotificationCenter.swift in Sources */,
				E66F1622252C3D3400B552A8 /* UIImage.swift in Sources */,
			);
			runOnlyForDeploymentPostprocessing = 0;
		};
		E6517B7A2517643800F2DD13 /* Sources */ = {
			isa = PBXSourcesBuildPhase;
			buildActionMask = 2147483647;
			files = (
				E6517B822517643800F2DD13 /* IntentViewController.swift in Sources */,
			);
			runOnlyForDeploymentPostprocessing = 0;
		};
		E680AD5625175C4D001B5333 /* Sources */ = {
			isa = PBXSourcesBuildPhase;
			buildActionMask = 2147483647;
			files = (
				E67C536D2518318600402D27 /* CountdownCalculator.swift in Sources */,
				E622679A251B465000C726C4 /* CountdownsManager.swift in Sources */,
				E6874A562521CA3500B05377 /* CountdownStatus.intentdefinition in Sources */,
				E67C536F2518319B00402D27 /* Color.swift in Sources */,
				E67C538A25188A4100402D27 /* WidgetEmptyStateLarge.swift in Sources */,
				E65CFC5825270E8E00C97ED4 /* UIImage.swift in Sources */,
				E613685A2524519E009FF314 /* Blur.swift in Sources */,
				E68A7BFA2522B2DB00D62B74 /* CountdownView.swift in Sources */,
				E613685325245193009FF314 /* SquishableButtonStyle.swift in Sources */,
				E6614F90252B12570078A5ED /* PurchaseManager.swift in Sources */,
				E680AD6125175C4D001B5333 /* CountdownStatus.swift in Sources */,
				E67AB3B5251C590E00D94B87 /* EnvironmentValues+CountdownsManagerKey.swift in Sources */,
				E67C53692518317100402D27 /* CountdownObject.swift in Sources */,
				E67C53702518319B00402D27 /* Date.swift in Sources */,
				E67AB3B7251C5D1200D94B87 /* ImageCache.swift in Sources */,
				E6226793251B210700C726C4 /* Persistence.swift in Sources */,
				E67AB3B8251C5DD200D94B87 /* ImageLoader.swift in Sources */,
				E67C5380251887C100402D27 /* WidgetCountdownProvider.swift in Sources */,
				E67C53822518880500402D27 /* CountdonWidget.swift in Sources */,
				E613684425245160009FF314 /* RoundButton.swift in Sources */,
				E67C537A2518752100402D27 /* WidgetCountdowntLarge.swift in Sources */,
				E67C53712518319B00402D27 /* UNUserNotificationCenter.swift in Sources */,
				E67C537C25187A7500402D27 /* WidgetCountdownMedium.swift in Sources */,
				E67C538625188A1E00402D27 /* WidgetEmptyStateSmall.swift in Sources */,
				E63542FE2522ED6A008E6D8E /* CountdownContainer.swift in Sources */,
				E68A7BE52522B2C300D62B74 /* CardBackground.swift in Sources */,
				E67C536B2518317B00402D27 /* Countdown.xcdatamodeld in Sources */,
				E67C5376251839AD00402D27 /* ComponentView.swift in Sources */,
				E672EAFC251DD1A000724B2B /* Font.swift in Sources */,
				E6FE9152252F2356007BAE96 /* AnyTransition.swift in Sources */,
				E67C537E251885AA00402D27 /* WidgetCountdownSmall.swift in Sources */,
				E67C5384251889F500402D27 /* WidgetEmptyStateProvider.swift in Sources */,
				E67C536A2518317100402D27 /* Countdown.swift in Sources */,
				E67C536C2518318300402D27 /* DateComponent.swift in Sources */,
				E67C538825188A3B00402D27 /* WidgetEmptyStateMedium.swift in Sources */,
			);
			runOnlyForDeploymentPostprocessing = 0;
		};
		E6E314032504DF87005C8B61 /* Sources */ = {
			isa = PBXSourcesBuildPhase;
			buildActionMask = 2147483647;
			files = (
				E658E8BD2510FEEA007E9AFD /* Blur.swift in Sources */,
				E67F4F36252D3D51001466D2 /* SettingsView.swift in Sources */,
				E6226798251B26E000C726C4 /* CountdownsManager.swift in Sources */,
				E6E314502504E0A2005C8B61 /* CountdownCalculator.swift in Sources */,
				E613684C25245185009FF314 /* SquishableButtonStyle.swift in Sources */,
				E613683D25245154009FF314 /* RoundButton.swift in Sources */,
				E6E314142504DF87005C8B61 /* Persistence.swift in Sources */,
				E66169A4251122B200E5C15C /* ImageView.swift in Sources */,
				E67AB3B4251C58D200D94B87 /* EnvironmentValues+CountdownsManagerKey.swift in Sources */,
				E6E314542504E0A2005C8B61 /* CountdownView.swift in Sources */,
				E658E8B02510E86B007E9AFD /* Color.swift in Sources */,
				E6FE9137252F1E09007BAE96 /* AnimatableFontModifier.swift in Sources */,
				E635430E252301CC008E6D8E /* EmptyListView.swift in Sources */,
				E658E8AC251057D1007E9AFD /* CardFrontView.swift in Sources */,
				E6874A552521CA3500B05377 /* CountdownStatus.intentdefinition in Sources */,
				E616173B2523FFD800D58D19 /* CardsListView.swift in Sources */,
				E6488A56252866FD00BD59FC /* CreateCountdownButton.swift in Sources */,
				E6DA81702526EC9A00194EC6 /* Animation.swift in Sources */,
				E6E3144C2504E0A2005C8B61 /* Date.swift in Sources */,
				E6E314522504E0A2005C8B61 /* DateComponent.swift in Sources */,
				E622679C251B4ACC00C726C4 /* RemindersManager.swift in Sources */,
				E65E210625280A1C0078CF33 /* PeriodView.swift in Sources */,
				E658E8C725110753007E9AFD /* UNUserNotificationCenter.swift in Sources */,
				E613193E252ED9E900F4B810 /* ShareSheet.swift in Sources */,
				E658E8B82510FE0B007E9AFD /* CardBackView.swift in Sources */,
				E658E8B42510FB28007E9AFD /* CardBackground.swift in Sources */,
				E658E8BF2510FF70007E9AFD /* TitleView.swift in Sources */,
				E658E8B62510FD7C007E9AFD /* CardView.swift in Sources */,
				E6CAB067251727DC003848F9 /* CountdownObject.swift in Sources */,
				E65CFC492527045300C97ED4 /* GetPremiumView.swift in Sources */,
				E65CFC5125270C6F00C97ED4 /* UIImage.swift in Sources */,
				E6E314532504E0A2005C8B61 /* ComponentView.swift in Sources */,
				E6614F77252AEC930078A5ED /* PhotoPickerViewController.swift in Sources */,
				E6F81CE1251C81D60029FC93 /* AppDelegate.swift in Sources */,
				E6E3140B2504DF87005C8B61 /* CountdownApp.swift in Sources */,
				E65CFC3A2526F91B00C97ED4 /* PurchaseManager.swift in Sources */,
				E6E314172504DF87005C8B61 /* Countdown.xcdatamodeld in Sources */,
				E6488A4E252866A400BD59FC /* CountdownSelection.swift in Sources */,
				E6766A8D252898EE00CAEF6E /* LoadingSpinner.swift in Sources */,
				E6E314512504E0A2005C8B61 /* Countdown.swift in Sources */,
				E658E8AE25105E93007E9AFD /* FlipView.swift in Sources */,
				E6CAB07225172F51003848F9 /* ImageLoader.swift in Sources */,
				E672EAFB251DD07D00724B2B /* Font.swift in Sources */,
				E6FE914B252F2353007BAE96 /* AnyTransition.swift in Sources */,
				E66169A2251119AF00E5C15C /* PhotoPicker.swift in Sources */,
				E63542F72522ED59008E6D8E /* CountdownContainer.swift in Sources */,
				E66F1636252C50D400B552A8 /* ShareViewController.swift in Sources */,
				E6CAB06425172720003848F9 /* ImageCache.swift in Sources */,
				E658E8BA2510FE80007E9AFD /* CardBackViewModel.swift in Sources */,
			);
			runOnlyForDeploymentPostprocessing = 0;
		};
		E6E314192504DF87005C8B61 /* Sources */ = {
			isa = PBXSourcesBuildPhase;
			buildActionMask = 2147483647;
			files = (
				E6E314222504DF87005C8B61 /* CountdownTests.swift in Sources */,
			);
			runOnlyForDeploymentPostprocessing = 0;
		};
		E6E314242504DF87005C8B61 /* Sources */ = {
			isa = PBXSourcesBuildPhase;
			buildActionMask = 2147483647;
			files = (
				E6E3142D2504DF87005C8B61 /* CountdownUITests.swift in Sources */,
			);
			runOnlyForDeploymentPostprocessing = 0;
		};
/* End PBXSourcesBuildPhase section */

/* Begin PBXTargetDependency section */
		E6517B882517643800F2DD13 /* PBXTargetDependency */ = {
			isa = PBXTargetDependency;
			target = E6517B7D2517643800F2DD13 /* CountdownSelectionUI */;
			targetProxy = E6517B872517643800F2DD13 /* PBXContainerItemProxy */;
		};
		E6517B8B2517643800F2DD13 /* PBXTargetDependency */ = {
			isa = PBXTargetDependency;
			target = E6517B742517643800F2DD13 /* CountdownSelection */;
			targetProxy = E6517B8A2517643800F2DD13 /* PBXContainerItemProxy */;
		};
		E680AD6925175C4E001B5333 /* PBXTargetDependency */ = {
			isa = PBXTargetDependency;
			target = E680AD5925175C4D001B5333 /* CountdownStatusExtension */;
			targetProxy = E680AD6825175C4E001B5333 /* PBXContainerItemProxy */;
		};
		E6E3141F2504DF87005C8B61 /* PBXTargetDependency */ = {
			isa = PBXTargetDependency;
			target = E6E314062504DF87005C8B61 /* Countdown */;
			targetProxy = E6E3141E2504DF87005C8B61 /* PBXContainerItemProxy */;
		};
		E6E3142A2504DF87005C8B61 /* PBXTargetDependency */ = {
			isa = PBXTargetDependency;
			target = E6E314062504DF87005C8B61 /* Countdown */;
			targetProxy = E6E314292504DF87005C8B61 /* PBXContainerItemProxy */;
		};
/* End PBXTargetDependency section */

/* Begin PBXVariantGroup section */
		E6517B832517643800F2DD13 /* MainInterface.storyboard */ = {
			isa = PBXVariantGroup;
			children = (
				E6517B842517643800F2DD13 /* Base */,
			);
			name = MainInterface.storyboard;
			sourceTree = "<group>";
		};
		E6874A592521CA3500B05377 /* CountdownStatus.intentdefinition */ = {
			isa = PBXVariantGroup;
			children = (
				E6874A6C2521CBFB00B05377 /* Base */,
			);
			name = CountdownStatus.intentdefinition;
			sourceTree = "<group>";
		};
/* End PBXVariantGroup section */

/* Begin XCBuildConfiguration section */
		E6517B8E2517643800F2DD13 /* Debug */ = {
			isa = XCBuildConfiguration;
			buildSettings = {
				CODE_SIGN_STYLE = Automatic;
				CURRENT_PROJECT_VERSION = 9;
				DEVELOPMENT_TEAM = EAN9592EK4;
				INFOPLIST_FILE = CountdownSelectionUI/Info.plist;
				LD_RUNPATH_SEARCH_PATHS = (
					"$(inherited)",
					"@executable_path/Frameworks",
					"@executable_path/../../Frameworks",
				);
				PRODUCT_BUNDLE_IDENTIFIER = com.deepgagan.Countdown.CountdownSelectionUI;
				PRODUCT_NAME = "$(TARGET_NAME)";
				SKIP_INSTALL = YES;
				SWIFT_VERSION = 5.0;
				TARGETED_DEVICE_FAMILY = "1,2";
			};
			name = Debug;
		};
		E6517B8F2517643800F2DD13 /* Release */ = {
			isa = XCBuildConfiguration;
			buildSettings = {
				CODE_SIGN_STYLE = Automatic;
				CURRENT_PROJECT_VERSION = 9;
				DEVELOPMENT_TEAM = EAN9592EK4;
				INFOPLIST_FILE = CountdownSelectionUI/Info.plist;
				LD_RUNPATH_SEARCH_PATHS = (
					"$(inherited)",
					"@executable_path/Frameworks",
					"@executable_path/../../Frameworks",
				);
				PRODUCT_BUNDLE_IDENTIFIER = com.deepgagan.Countdown.CountdownSelectionUI;
				PRODUCT_NAME = "$(TARGET_NAME)";
				SKIP_INSTALL = YES;
				SWIFT_VERSION = 5.0;
				TARGETED_DEVICE_FAMILY = "1,2";
			};
			name = Release;
		};
		E6517B912517643800F2DD13 /* Debug */ = {
			isa = XCBuildConfiguration;
			buildSettings = {
				CODE_SIGN_ENTITLEMENTS = CountdownSelection/CountdownSelection.entitlements;
				CODE_SIGN_STYLE = Automatic;
				CURRENT_PROJECT_VERSION = 9;
				DEVELOPMENT_TEAM = EAN9592EK4;
				INFOPLIST_FILE = CountdownSelection/Info.plist;
				LD_RUNPATH_SEARCH_PATHS = (
					"$(inherited)",
					"@executable_path/Frameworks",
					"@executable_path/../../Frameworks",
				);
				PRODUCT_BUNDLE_IDENTIFIER = com.deepgagan.Countdown.CountdownSelection;
				PRODUCT_NAME = "$(TARGET_NAME)";
				SKIP_INSTALL = YES;
				SWIFT_VERSION = 5.0;
				TARGETED_DEVICE_FAMILY = "1,2";
			};
			name = Debug;
		};
		E6517B922517643800F2DD13 /* Release */ = {
			isa = XCBuildConfiguration;
			buildSettings = {
				CODE_SIGN_ENTITLEMENTS = CountdownSelection/CountdownSelection.entitlements;
				CODE_SIGN_STYLE = Automatic;
				CURRENT_PROJECT_VERSION = 9;
				DEVELOPMENT_TEAM = EAN9592EK4;
				INFOPLIST_FILE = CountdownSelection/Info.plist;
				LD_RUNPATH_SEARCH_PATHS = (
					"$(inherited)",
					"@executable_path/Frameworks",
					"@executable_path/../../Frameworks",
				);
				PRODUCT_BUNDLE_IDENTIFIER = com.deepgagan.Countdown.CountdownSelection;
				PRODUCT_NAME = "$(TARGET_NAME)";
				SKIP_INSTALL = YES;
				SWIFT_VERSION = 5.0;
				TARGETED_DEVICE_FAMILY = "1,2";
			};
			name = Release;
		};
		E680AD6C25175C4E001B5333 /* Debug */ = {
			isa = XCBuildConfiguration;
			buildSettings = {
				ASSETCATALOG_COMPILER_GLOBAL_ACCENT_COLOR_NAME = AccentColor;
				ASSETCATALOG_COMPILER_WIDGET_BACKGROUND_COLOR_NAME = WidgetBackground;
				CODE_SIGN_ENTITLEMENTS = CountdownStatusExtension.entitlements;
				CODE_SIGN_STYLE = Automatic;
				CURRENT_PROJECT_VERSION = 9;
				DEVELOPMENT_TEAM = EAN9592EK4;
				INFOPLIST_FILE = CountdownStatus/Info.plist;
				LD_RUNPATH_SEARCH_PATHS = (
					"$(inherited)",
					"@executable_path/Frameworks",
					"@executable_path/../../Frameworks",
				);
				PRODUCT_BUNDLE_IDENTIFIER = com.deepgagan.Countdown.CountdownStatus;
				PRODUCT_NAME = "$(TARGET_NAME)";
				SKIP_INSTALL = YES;
				SWIFT_VERSION = 5.0;
				TARGETED_DEVICE_FAMILY = "1,2";
			};
			name = Debug;
		};
		E680AD6D25175C4E001B5333 /* Release */ = {
			isa = XCBuildConfiguration;
			buildSettings = {
				ASSETCATALOG_COMPILER_GLOBAL_ACCENT_COLOR_NAME = AccentColor;
				ASSETCATALOG_COMPILER_WIDGET_BACKGROUND_COLOR_NAME = WidgetBackground;
				CODE_SIGN_ENTITLEMENTS = CountdownStatusExtension.entitlements;
				CODE_SIGN_STYLE = Automatic;
				CURRENT_PROJECT_VERSION = 9;
				DEVELOPMENT_TEAM = EAN9592EK4;
				INFOPLIST_FILE = CountdownStatus/Info.plist;
				LD_RUNPATH_SEARCH_PATHS = (
					"$(inherited)",
					"@executable_path/Frameworks",
					"@executable_path/../../Frameworks",
				);
				PRODUCT_BUNDLE_IDENTIFIER = com.deepgagan.Countdown.CountdownStatus;
				PRODUCT_NAME = "$(TARGET_NAME)";
				SKIP_INSTALL = YES;
				SWIFT_VERSION = 5.0;
				TARGETED_DEVICE_FAMILY = "1,2";
			};
			name = Release;
		};
		E6E3142F2504DF87005C8B61 /* Debug */ = {
			isa = XCBuildConfiguration;
			buildSettings = {
				ALWAYS_SEARCH_USER_PATHS = NO;
				CLANG_ANALYZER_NONNULL = YES;
				CLANG_ANALYZER_NUMBER_OBJECT_CONVERSION = YES_AGGRESSIVE;
				CLANG_CXX_LANGUAGE_STANDARD = "gnu++14";
				CLANG_CXX_LIBRARY = "libc++";
				CLANG_ENABLE_MODULES = YES;
				CLANG_ENABLE_OBJC_ARC = YES;
				CLANG_ENABLE_OBJC_WEAK = YES;
				CLANG_WARN_BLOCK_CAPTURE_AUTORELEASING = YES;
				CLANG_WARN_BOOL_CONVERSION = YES;
				CLANG_WARN_COMMA = YES;
				CLANG_WARN_CONSTANT_CONVERSION = YES;
				CLANG_WARN_DEPRECATED_OBJC_IMPLEMENTATIONS = YES;
				CLANG_WARN_DIRECT_OBJC_ISA_USAGE = YES_ERROR;
				CLANG_WARN_DOCUMENTATION_COMMENTS = YES;
				CLANG_WARN_EMPTY_BODY = YES;
				CLANG_WARN_ENUM_CONVERSION = YES;
				CLANG_WARN_INFINITE_RECURSION = YES;
				CLANG_WARN_INT_CONVERSION = YES;
				CLANG_WARN_NON_LITERAL_NULL_CONVERSION = YES;
				CLANG_WARN_OBJC_IMPLICIT_RETAIN_SELF = YES;
				CLANG_WARN_OBJC_LITERAL_CONVERSION = YES;
				CLANG_WARN_OBJC_ROOT_CLASS = YES_ERROR;
				CLANG_WARN_QUOTED_INCLUDE_IN_FRAMEWORK_HEADER = YES;
				CLANG_WARN_RANGE_LOOP_ANALYSIS = YES;
				CLANG_WARN_STRICT_PROTOTYPES = YES;
				CLANG_WARN_SUSPICIOUS_MOVE = YES;
				CLANG_WARN_UNGUARDED_AVAILABILITY = YES_AGGRESSIVE;
				CLANG_WARN_UNREACHABLE_CODE = YES;
				CLANG_WARN__DUPLICATE_METHOD_MATCH = YES;
				COPY_PHASE_STRIP = NO;
				DEBUG_INFORMATION_FORMAT = dwarf;
				ENABLE_STRICT_OBJC_MSGSEND = YES;
				ENABLE_TESTABILITY = YES;
				GCC_C_LANGUAGE_STANDARD = gnu11;
				GCC_DYNAMIC_NO_PIC = NO;
				GCC_NO_COMMON_BLOCKS = YES;
				GCC_OPTIMIZATION_LEVEL = 0;
				GCC_PREPROCESSOR_DEFINITIONS = (
					"DEBUG=1",
					"$(inherited)",
				);
				GCC_WARN_64_TO_32_BIT_CONVERSION = YES;
				GCC_WARN_ABOUT_RETURN_TYPE = YES_ERROR;
				GCC_WARN_UNDECLARED_SELECTOR = YES;
				GCC_WARN_UNINITIALIZED_AUTOS = YES_AGGRESSIVE;
				GCC_WARN_UNUSED_FUNCTION = YES;
				GCC_WARN_UNUSED_VARIABLE = YES;
				IPHONEOS_DEPLOYMENT_TARGET = 14.0;
				MTL_ENABLE_DEBUG_INFO = INCLUDE_SOURCE;
				MTL_FAST_MATH = YES;
				ONLY_ACTIVE_ARCH = YES;
				SDKROOT = iphoneos;
				SWIFT_ACTIVE_COMPILATION_CONDITIONS = DEBUG;
				SWIFT_OPTIMIZATION_LEVEL = "-Onone";
			};
			name = Debug;
		};
		E6E314302504DF87005C8B61 /* Release */ = {
			isa = XCBuildConfiguration;
			buildSettings = {
				ALWAYS_SEARCH_USER_PATHS = NO;
				CLANG_ANALYZER_NONNULL = YES;
				CLANG_ANALYZER_NUMBER_OBJECT_CONVERSION = YES_AGGRESSIVE;
				CLANG_CXX_LANGUAGE_STANDARD = "gnu++14";
				CLANG_CXX_LIBRARY = "libc++";
				CLANG_ENABLE_MODULES = YES;
				CLANG_ENABLE_OBJC_ARC = YES;
				CLANG_ENABLE_OBJC_WEAK = YES;
				CLANG_WARN_BLOCK_CAPTURE_AUTORELEASING = YES;
				CLANG_WARN_BOOL_CONVERSION = YES;
				CLANG_WARN_COMMA = YES;
				CLANG_WARN_CONSTANT_CONVERSION = YES;
				CLANG_WARN_DEPRECATED_OBJC_IMPLEMENTATIONS = YES;
				CLANG_WARN_DIRECT_OBJC_ISA_USAGE = YES_ERROR;
				CLANG_WARN_DOCUMENTATION_COMMENTS = YES;
				CLANG_WARN_EMPTY_BODY = YES;
				CLANG_WARN_ENUM_CONVERSION = YES;
				CLANG_WARN_INFINITE_RECURSION = YES;
				CLANG_WARN_INT_CONVERSION = YES;
				CLANG_WARN_NON_LITERAL_NULL_CONVERSION = YES;
				CLANG_WARN_OBJC_IMPLICIT_RETAIN_SELF = YES;
				CLANG_WARN_OBJC_LITERAL_CONVERSION = YES;
				CLANG_WARN_OBJC_ROOT_CLASS = YES_ERROR;
				CLANG_WARN_QUOTED_INCLUDE_IN_FRAMEWORK_HEADER = YES;
				CLANG_WARN_RANGE_LOOP_ANALYSIS = YES;
				CLANG_WARN_STRICT_PROTOTYPES = YES;
				CLANG_WARN_SUSPICIOUS_MOVE = YES;
				CLANG_WARN_UNGUARDED_AVAILABILITY = YES_AGGRESSIVE;
				CLANG_WARN_UNREACHABLE_CODE = YES;
				CLANG_WARN__DUPLICATE_METHOD_MATCH = YES;
				COPY_PHASE_STRIP = NO;
				DEBUG_INFORMATION_FORMAT = "dwarf-with-dsym";
				ENABLE_NS_ASSERTIONS = NO;
				ENABLE_STRICT_OBJC_MSGSEND = YES;
				GCC_C_LANGUAGE_STANDARD = gnu11;
				GCC_NO_COMMON_BLOCKS = YES;
				GCC_WARN_64_TO_32_BIT_CONVERSION = YES;
				GCC_WARN_ABOUT_RETURN_TYPE = YES_ERROR;
				GCC_WARN_UNDECLARED_SELECTOR = YES;
				GCC_WARN_UNINITIALIZED_AUTOS = YES_AGGRESSIVE;
				GCC_WARN_UNUSED_FUNCTION = YES;
				GCC_WARN_UNUSED_VARIABLE = YES;
				IPHONEOS_DEPLOYMENT_TARGET = 14.0;
				MTL_ENABLE_DEBUG_INFO = NO;
				MTL_FAST_MATH = YES;
				SDKROOT = iphoneos;
				SWIFT_COMPILATION_MODE = wholemodule;
				SWIFT_OPTIMIZATION_LEVEL = "-O";
				VALIDATE_PRODUCT = YES;
			};
			name = Release;
		};
		E6E314322504DF87005C8B61 /* Debug */ = {
			isa = XCBuildConfiguration;
			buildSettings = {
				ALWAYS_EMBED_SWIFT_STANDARD_LIBRARIES = YES;
				ASSETCATALOG_COMPILER_APPICON_NAME = AppIcon;
				ASSETCATALOG_COMPILER_GLOBAL_ACCENT_COLOR_NAME = AccentColor;
				CODE_SIGN_ENTITLEMENTS = Countdown/Countdown.entitlements;
				CODE_SIGN_STYLE = Automatic;
				CURRENT_PROJECT_VERSION = 9;
				DEVELOPMENT_ASSET_PATHS = "\"Countdown/Preview Content\"";
				DEVELOPMENT_TEAM = EAN9592EK4;
				ENABLE_PREVIEWS = YES;
				INFOPLIST_FILE = Countdown/Info.plist;
				IPHONEOS_DEPLOYMENT_TARGET = 14.0;
				LD_RUNPATH_SEARCH_PATHS = (
					"$(inherited)",
					"@executable_path/Frameworks",
				);
				PRODUCT_BUNDLE_IDENTIFIER = com.deepgagan.Countdown;
				PRODUCT_NAME = "$(TARGET_NAME)";
				SWIFT_VERSION = 5.0;
				TARGETED_DEVICE_FAMILY = "1,2";
			};
			name = Debug;
		};
		E6E314332504DF87005C8B61 /* Release */ = {
			isa = XCBuildConfiguration;
			buildSettings = {
				ALWAYS_EMBED_SWIFT_STANDARD_LIBRARIES = YES;
				ASSETCATALOG_COMPILER_APPICON_NAME = AppIcon;
				ASSETCATALOG_COMPILER_GLOBAL_ACCENT_COLOR_NAME = AccentColor;
				CODE_SIGN_ENTITLEMENTS = Countdown/Countdown.entitlements;
				CODE_SIGN_STYLE = Automatic;
				CURRENT_PROJECT_VERSION = 9;
				DEVELOPMENT_ASSET_PATHS = "\"Countdown/Preview Content\"";
				DEVELOPMENT_TEAM = EAN9592EK4;
				ENABLE_PREVIEWS = YES;
				INFOPLIST_FILE = Countdown/Info.plist;
				IPHONEOS_DEPLOYMENT_TARGET = 14.0;
				LD_RUNPATH_SEARCH_PATHS = (
					"$(inherited)",
					"@executable_path/Frameworks",
				);
				PRODUCT_BUNDLE_IDENTIFIER = com.deepgagan.Countdown;
				PRODUCT_NAME = "$(TARGET_NAME)";
				SWIFT_VERSION = 5.0;
				TARGETED_DEVICE_FAMILY = "1,2";
			};
			name = Release;
		};
		E6E314352504DF87005C8B61 /* Debug */ = {
			isa = XCBuildConfiguration;
			buildSettings = {
				ALWAYS_EMBED_SWIFT_STANDARD_LIBRARIES = YES;
				BUNDLE_LOADER = "$(TEST_HOST)";
				CODE_SIGN_STYLE = Automatic;
				DEVELOPMENT_TEAM = EAN9592EK4;
				INFOPLIST_FILE = CountdownTests/Info.plist;
				IPHONEOS_DEPLOYMENT_TARGET = 14.0;
				LD_RUNPATH_SEARCH_PATHS = (
					"$(inherited)",
					"@executable_path/Frameworks",
					"@loader_path/Frameworks",
				);
				PRODUCT_BUNDLE_IDENTIFIER = com.deepgagan.CountdownTests;
				PRODUCT_NAME = "$(TARGET_NAME)";
				SWIFT_VERSION = 5.0;
				TARGETED_DEVICE_FAMILY = "1,2";
				TEST_HOST = "$(BUILT_PRODUCTS_DIR)/Countdown.app/Countdown";
			};
			name = Debug;
		};
		E6E314362504DF87005C8B61 /* Release */ = {
			isa = XCBuildConfiguration;
			buildSettings = {
				ALWAYS_EMBED_SWIFT_STANDARD_LIBRARIES = YES;
				BUNDLE_LOADER = "$(TEST_HOST)";
				CODE_SIGN_STYLE = Automatic;
				DEVELOPMENT_TEAM = EAN9592EK4;
				INFOPLIST_FILE = CountdownTests/Info.plist;
				IPHONEOS_DEPLOYMENT_TARGET = 14.0;
				LD_RUNPATH_SEARCH_PATHS = (
					"$(inherited)",
					"@executable_path/Frameworks",
					"@loader_path/Frameworks",
				);
				PRODUCT_BUNDLE_IDENTIFIER = com.deepgagan.CountdownTests;
				PRODUCT_NAME = "$(TARGET_NAME)";
				SWIFT_VERSION = 5.0;
				TARGETED_DEVICE_FAMILY = "1,2";
				TEST_HOST = "$(BUILT_PRODUCTS_DIR)/Countdown.app/Countdown";
			};
			name = Release;
		};
		E6E314382504DF87005C8B61 /* Debug */ = {
			isa = XCBuildConfiguration;
			buildSettings = {
				ALWAYS_EMBED_SWIFT_STANDARD_LIBRARIES = YES;
				CODE_SIGN_STYLE = Automatic;
				DEVELOPMENT_TEAM = EAN9592EK4;
				INFOPLIST_FILE = CountdownUITests/Info.plist;
				LD_RUNPATH_SEARCH_PATHS = (
					"$(inherited)",
					"@executable_path/Frameworks",
					"@loader_path/Frameworks",
				);
				PRODUCT_BUNDLE_IDENTIFIER = com.deepgagan.CountdownUITests;
				PRODUCT_NAME = "$(TARGET_NAME)";
				SWIFT_VERSION = 5.0;
				TARGETED_DEVICE_FAMILY = "1,2";
				TEST_TARGET_NAME = Countdown;
			};
			name = Debug;
		};
		E6E314392504DF87005C8B61 /* Release */ = {
			isa = XCBuildConfiguration;
			buildSettings = {
				ALWAYS_EMBED_SWIFT_STANDARD_LIBRARIES = YES;
				CODE_SIGN_STYLE = Automatic;
				DEVELOPMENT_TEAM = EAN9592EK4;
				INFOPLIST_FILE = CountdownUITests/Info.plist;
				LD_RUNPATH_SEARCH_PATHS = (
					"$(inherited)",
					"@executable_path/Frameworks",
					"@loader_path/Frameworks",
				);
				PRODUCT_BUNDLE_IDENTIFIER = com.deepgagan.CountdownUITests;
				PRODUCT_NAME = "$(TARGET_NAME)";
				SWIFT_VERSION = 5.0;
				TARGETED_DEVICE_FAMILY = "1,2";
				TEST_TARGET_NAME = Countdown;
			};
			name = Release;
		};
/* End XCBuildConfiguration section */

/* Begin XCConfigurationList section */
		E6517B8D2517643800F2DD13 /* Build configuration list for PBXNativeTarget "CountdownSelectionUI" */ = {
			isa = XCConfigurationList;
			buildConfigurations = (
				E6517B8E2517643800F2DD13 /* Debug */,
				E6517B8F2517643800F2DD13 /* Release */,
			);
			defaultConfigurationIsVisible = 0;
			defaultConfigurationName = Release;
		};
		E6517B902517643800F2DD13 /* Build configuration list for PBXNativeTarget "CountdownSelection" */ = {
			isa = XCConfigurationList;
			buildConfigurations = (
				E6517B912517643800F2DD13 /* Debug */,
				E6517B922517643800F2DD13 /* Release */,
			);
			defaultConfigurationIsVisible = 0;
			defaultConfigurationName = Release;
		};
		E680AD6E25175C4E001B5333 /* Build configuration list for PBXNativeTarget "CountdownStatusExtension" */ = {
			isa = XCConfigurationList;
			buildConfigurations = (
				E680AD6C25175C4E001B5333 /* Debug */,
				E680AD6D25175C4E001B5333 /* Release */,
			);
			defaultConfigurationIsVisible = 0;
			defaultConfigurationName = Release;
		};
		E6E314022504DF87005C8B61 /* Build configuration list for PBXProject "Countdown" */ = {
			isa = XCConfigurationList;
			buildConfigurations = (
				E6E3142F2504DF87005C8B61 /* Debug */,
				E6E314302504DF87005C8B61 /* Release */,
			);
			defaultConfigurationIsVisible = 0;
			defaultConfigurationName = Release;
		};
		E6E314312504DF87005C8B61 /* Build configuration list for PBXNativeTarget "Countdown" */ = {
			isa = XCConfigurationList;
			buildConfigurations = (
				E6E314322504DF87005C8B61 /* Debug */,
				E6E314332504DF87005C8B61 /* Release */,
			);
			defaultConfigurationIsVisible = 0;
			defaultConfigurationName = Release;
		};
		E6E314342504DF87005C8B61 /* Build configuration list for PBXNativeTarget "CountdownTests" */ = {
			isa = XCConfigurationList;
			buildConfigurations = (
				E6E314352504DF87005C8B61 /* Debug */,
				E6E314362504DF87005C8B61 /* Release */,
			);
			defaultConfigurationIsVisible = 0;
			defaultConfigurationName = Release;
		};
		E6E314372504DF87005C8B61 /* Build configuration list for PBXNativeTarget "CountdownUITests" */ = {
			isa = XCConfigurationList;
			buildConfigurations = (
				E6E314382504DF87005C8B61 /* Debug */,
				E6E314392504DF87005C8B61 /* Release */,
			);
			defaultConfigurationIsVisible = 0;
			defaultConfigurationName = Release;
		};
/* End XCConfigurationList section */

/* Begin XCRemoteSwiftPackageReference section */
		E616170E25230EF800D58D19 /* XCRemoteSwiftPackageReference "unsplash-photopicker-ios" */ = {
			isa = XCRemoteSwiftPackageReference;
			repositoryURL = "git@github.com:ggndpsingh/unsplash-photopicker-ios.git";
			requirement = {
				branch = master;
				kind = branch;
			};
		};
/* End XCRemoteSwiftPackageReference section */

/* Begin XCSwiftPackageProductDependency section */
		E616170F25230EF800D58D19 /* UnsplashPhotoPicker */ = {
			isa = XCSwiftPackageProductDependency;
			package = E616170E25230EF800D58D19 /* XCRemoteSwiftPackageReference "unsplash-photopicker-ios" */;
			productName = UnsplashPhotoPicker;
		};
		E661699F2511195400E5C15C /* UnsplashPhotoPicker */ = {
			isa = XCSwiftPackageProductDependency;
			productName = UnsplashPhotoPicker;
		};
/* End XCSwiftPackageProductDependency section */

/* Begin XCVersionGroup section */
		E6E314152504DF87005C8B61 /* Countdown.xcdatamodeld */ = {
			isa = XCVersionGroup;
			children = (
				E6E314162504DF87005C8B61 /* Countdown.xcdatamodel */,
			);
			currentVersion = E6E314162504DF87005C8B61 /* Countdown.xcdatamodel */;
			path = Countdown.xcdatamodeld;
			sourceTree = "<group>";
			versionGroupType = wrapper.xcdatamodel;
		};
/* End XCVersionGroup section */
	};
	rootObject = E6E313FF2504DF87005C8B61 /* Project object */;
}
