{
  "object": {
    "pins": [
      {
        "package": "UnsplashPhotoPicker",
        "repositoryURL": "git@github.com:ggndpsingh/unsplash-photopicker-ios.git",
        "state": {
          "branch": "master",
          "revision": "8c9dddbe10008234edcf8391c862d619e98a0265",
          "version": null
        }
      }
    ]
  },
  "version": 1
}
