{
  "object": {
    "pins": [
      {
        "package": "UnsplashPhotoPicker",
        "repositoryURL": "git@github.com:ggndpsingh/unsplash-photopicker-ios.git",
        "state": {
          "branch": "master",
          "revision": "446e3c139a89004d20d6d8a51b0165295d1f8592",
          "version": null
        }
      }
    ]
  },
  "version": 1
}
